// !$*UTF8*$!
{
	archiveVersion = 1;
	classes = {
	};
	objectVersion = 46;
	objects = {

/* Begin PBXBuildFile section */
		1D3623260D0F684500981E51 /* TalentPadAppDelegate.m in Sources */ = {isa = PBXBuildFile; fileRef = 1D3623250D0F684500981E51 /* TalentPadAppDelegate.m */; };
		1D60589B0D05DD56006BFB54 /* main.m in Sources */ = {isa = PBXBuildFile; fileRef = 29B97316FDCFA39411CA2CEA /* main.m */; };
		1D60589F0D05DD5A006BFB54 /* Foundation.framework in Frameworks */ = {isa = PBXBuildFile; fileRef = 1D30AB110D05D00D00671497 /* Foundation.framework */; };
		1DF5F4E00D08C38300B7A737 /* UIKit.framework in Frameworks */ = {isa = PBXBuildFile; fileRef = 1DF5F4DF0D08C38300B7A737 /* UIKit.framework */; };
		2500E42012B46A2F00EB1987 /* MainWindow.xib in Resources */ = {isa = PBXBuildFile; fileRef = 2500E41F12B46A2F00EB1987 /* MainWindow.xib */; };
		2500E48A12B492DA00EB1987 /* CDataScanner.m in Sources */ = {isa = PBXBuildFile; fileRef = 2500E47112B492DA00EB1987 /* CDataScanner.m */; };
		2500E48B12B492DA00EB1987 /* CFilteringJSONSerializer.m in Sources */ = {isa = PBXBuildFile; fileRef = 2500E47412B492DA00EB1987 /* CFilteringJSONSerializer.m */; };
		2500E48C12B492DA00EB1987 /* CJSONDeserializer_BlocksExtensions.m in Sources */ = {isa = PBXBuildFile; fileRef = 2500E47612B492DA00EB1987 /* CJSONDeserializer_BlocksExtensions.m */; };
		2500E48D12B492DA00EB1987 /* CJSONSerializedData.m in Sources */ = {isa = PBXBuildFile; fileRef = 2500E47812B492DA00EB1987 /* CJSONSerializedData.m */; };
		2500E48E12B492DA00EB1987 /* CDataScanner_Extensions.m in Sources */ = {isa = PBXBuildFile; fileRef = 2500E47B12B492DA00EB1987 /* CDataScanner_Extensions.m */; };
		2500E48F12B492DA00EB1987 /* NSCharacterSet_Extensions.m in Sources */ = {isa = PBXBuildFile; fileRef = 2500E47D12B492DA00EB1987 /* NSCharacterSet_Extensions.m */; };
		2500E49012B492DA00EB1987 /* NSDictionary_JSONExtensions.m in Sources */ = {isa = PBXBuildFile; fileRef = 2500E47F12B492DA00EB1987 /* NSDictionary_JSONExtensions.m */; };
		2500E49112B492DA00EB1987 /* NSScanner_Extensions.m in Sources */ = {isa = PBXBuildFile; fileRef = 2500E48112B492DA00EB1987 /* NSScanner_Extensions.m */; };
		2500E49212B492DA00EB1987 /* CJSONDeserializer.m in Sources */ = {isa = PBXBuildFile; fileRef = 2500E48412B492DA00EB1987 /* CJSONDeserializer.m */; };
		2500E49312B492DA00EB1987 /* CJSONScanner.m in Sources */ = {isa = PBXBuildFile; fileRef = 2500E48612B492DA00EB1987 /* CJSONScanner.m */; };
		2500E49412B492DA00EB1987 /* CJSONSerializer.m in Sources */ = {isa = PBXBuildFile; fileRef = 2500E48812B492DA00EB1987 /* CJSONSerializer.m */; };
		2500E49912B4936100EB1987 /* CalculatorViewController.m in Sources */ = {isa = PBXBuildFile; fileRef = 2500E49712B4936100EB1987 /* CalculatorViewController.m */; };
		2500E49A12B4936100EB1987 /* CalculatorViewController.xib in Resources */ = {isa = PBXBuildFile; fileRef = 2500E49812B4936100EB1987 /* CalculatorViewController.xib */; };
		2500E4F412B49A0100EB1987 /* TreeViewController.m in Sources */ = {isa = PBXBuildFile; fileRef = 2500E4F212B49A0100EB1987 /* TreeViewController.m */; };
		2500E4F512B49A0100EB1987 /* TreeViewController.xib in Resources */ = {isa = PBXBuildFile; fileRef = 2500E4F312B49A0100EB1987 /* TreeViewController.xib */; };
		2500E64312B4CA0D00EB1987 /* Mastery.m in Sources */ = {isa = PBXBuildFile; fileRef = 2500E63812B4CA0D00EB1987 /* Mastery.m */; };
		2500E64412B4CA0D00EB1987 /* Rank.m in Sources */ = {isa = PBXBuildFile; fileRef = 2500E63A12B4CA0D00EB1987 /* Rank.m */; };
		2500E64512B4CA0D00EB1987 /* PrimarySpell.m in Sources */ = {isa = PBXBuildFile; fileRef = 2500E63C12B4CA0D00EB1987 /* PrimarySpell.m */; };
		2500E64612B4CA0D00EB1987 /* Talent.m in Sources */ = {isa = PBXBuildFile; fileRef = 2500E63E12B4CA0D00EB1987 /* Talent.m */; };
		2500E64712B4CA0D00EB1987 /* TalentTree.m in Sources */ = {isa = PBXBuildFile; fileRef = 2500E64012B4CA0D00EB1987 /* TalentTree.m */; };
		2500E64812B4CA0D00EB1987 /* CharacterClass.m in Sources */ = {isa = PBXBuildFile; fileRef = 2500E64212B4CA0D00EB1987 /* CharacterClass.m */; };
		2500E6CC12B4D37300EB1987 /* primarySpells.json in Resources */ = {isa = PBXBuildFile; fileRef = 2500E6C812B4D37300EB1987 /* primarySpells.json */; };
		2500E6CD12B4D37300EB1987 /* talent.json in Resources */ = {isa = PBXBuildFile; fileRef = 2500E6C912B4D37300EB1987 /* talent.json */; };
		2500E6CE12B4D37300EB1987 /* talentAbility.json in Resources */ = {isa = PBXBuildFile; fileRef = 2500E6CA12B4D37300EB1987 /* talentAbility.json */; };
		2500E6CF12B4D37300EB1987 /* warrior.json in Resources */ = {isa = PBXBuildFile; fileRef = 2500E6CB12B4D37300EB1987 /* warrior.json */; };
		2500E79312B4D99800EB1987 /* CoreDataTests.m in Sources */ = {isa = PBXBuildFile; fileRef = 2500E6D112B4D39000EB1987 /* CoreDataTests.m */; };
		2500E79612B4D9A400EB1987 /* SMACoreDataStack.m in Sources */ = {isa = PBXBuildFile; fileRef = 257AEA33129E901900DE9D51 /* SMACoreDataStack.m */; };
		2500E79712B4D9A500EB1987 /* SMADataCenter.m in Sources */ = {isa = PBXBuildFile; fileRef = 257AEA31129E901900DE9D51 /* SMADataCenter.m */; };
		2500E79E12B4D9CC00EB1987 /* CoreData.framework in Frameworks */ = {isa = PBXBuildFile; fileRef = 257AEA27129E8FB900DE9D51 /* CoreData.framework */; };
		2500E7A012B4D9CC00EB1987 /* CoreFoundation.framework in Frameworks */ = {isa = PBXBuildFile; fileRef = 2500E79F12B4D9CC00EB1987 /* CoreFoundation.framework */; };
		2500E7A112B4D9CC00EB1987 /* Foundation.framework in Frameworks */ = {isa = PBXBuildFile; fileRef = 1D30AB110D05D00D00671497 /* Foundation.framework */; };
		2500E7A212B4D9CC00EB1987 /* SystemConfiguration.framework in Frameworks */ = {isa = PBXBuildFile; fileRef = 257AEA52129E903B00DE9D51 /* SystemConfiguration.framework */; };
		2500E7A312B4D9CC00EB1987 /* UIKit.framework in Frameworks */ = {isa = PBXBuildFile; fileRef = 1DF5F4DF0D08C38300B7A737 /* UIKit.framework */; };
		2500E7A812B4D9E100EB1987 /* CDataScanner.m in Sources */ = {isa = PBXBuildFile; fileRef = 2500E47112B492DA00EB1987 /* CDataScanner.m */; };
		2500E7A912B4D9E200EB1987 /* CDataScanner_Extensions.m in Sources */ = {isa = PBXBuildFile; fileRef = 2500E47B12B492DA00EB1987 /* CDataScanner_Extensions.m */; };
		2500E7AA12B4D9E300EB1987 /* CJSONDeserializer.m in Sources */ = {isa = PBXBuildFile; fileRef = 2500E48412B492DA00EB1987 /* CJSONDeserializer.m */; };
		2500E7AB12B4D9E300EB1987 /* CFilteringJSONSerializer.m in Sources */ = {isa = PBXBuildFile; fileRef = 2500E47412B492DA00EB1987 /* CFilteringJSONSerializer.m */; };
		2500E7AC12B4D9E400EB1987 /* CJSONDeserializer_BlocksExtensions.m in Sources */ = {isa = PBXBuildFile; fileRef = 2500E47612B492DA00EB1987 /* CJSONDeserializer_BlocksExtensions.m */; };
		2500E7AD12B4D9E500EB1987 /* CJSONScanner.m in Sources */ = {isa = PBXBuildFile; fileRef = 2500E48612B492DA00EB1987 /* CJSONScanner.m */; };
		2500E7AE12B4D9E500EB1987 /* CJSONSerializedData.m in Sources */ = {isa = PBXBuildFile; fileRef = 2500E47812B492DA00EB1987 /* CJSONSerializedData.m */; };
		2500E7AF12B4D9E600EB1987 /* CJSONSerializer.m in Sources */ = {isa = PBXBuildFile; fileRef = 2500E48812B492DA00EB1987 /* CJSONSerializer.m */; };
		2500E7B012B4D9E600EB1987 /* NSCharacterSet_Extensions.m in Sources */ = {isa = PBXBuildFile; fileRef = 2500E47D12B492DA00EB1987 /* NSCharacterSet_Extensions.m */; };
		2500E7B112B4D9E800EB1987 /* NSDictionary_JSONExtensions.m in Sources */ = {isa = PBXBuildFile; fileRef = 2500E47F12B492DA00EB1987 /* NSDictionary_JSONExtensions.m */; };
		2500E7B212B4D9E900EB1987 /* NSScanner_Extensions.m in Sources */ = {isa = PBXBuildFile; fileRef = 2500E48112B492DA00EB1987 /* NSScanner_Extensions.m */; };
		2500E7B512B4D9F700EB1987 /* CharacterClass.m in Sources */ = {isa = PBXBuildFile; fileRef = 2500E64212B4CA0D00EB1987 /* CharacterClass.m */; };
		2500E7B612B4D9F700EB1987 /* Mastery.m in Sources */ = {isa = PBXBuildFile; fileRef = 2500E63812B4CA0D00EB1987 /* Mastery.m */; };
		2500E7B712B4D9F800EB1987 /* PrimarySpell.m in Sources */ = {isa = PBXBuildFile; fileRef = 2500E63C12B4CA0D00EB1987 /* PrimarySpell.m */; };
		2500E7B812B4D9F800EB1987 /* Rank.m in Sources */ = {isa = PBXBuildFile; fileRef = 2500E63A12B4CA0D00EB1987 /* Rank.m */; };
		2500E7B912B4D9F900EB1987 /* Talent.m in Sources */ = {isa = PBXBuildFile; fileRef = 2500E63E12B4CA0D00EB1987 /* Talent.m */; };
		2500E7BA12B4D9FA00EB1987 /* TalentTree.m in Sources */ = {isa = PBXBuildFile; fileRef = 2500E64012B4CA0D00EB1987 /* TalentTree.m */; };
		2500E7BF12B4DA2300EB1987 /* primarySpells.json in Resources */ = {isa = PBXBuildFile; fileRef = 2500E6C812B4D37300EB1987 /* primarySpells.json */; };
		2500E7C012B4DA2400EB1987 /* talent.json in Resources */ = {isa = PBXBuildFile; fileRef = 2500E6C912B4D37300EB1987 /* talent.json */; };
		2500E7C112B4DA2400EB1987 /* warrior.json in Resources */ = {isa = PBXBuildFile; fileRef = 2500E6CB12B4D37300EB1987 /* warrior.json */; };
		2500E7C212B4DA2500EB1987 /* talentAbility.json in Resources */ = {isa = PBXBuildFile; fileRef = 2500E6CA12B4D37300EB1987 /* talentAbility.json */; };
		2500E82112B4DB6300EB1987 /* TalentPad.xcdatamodel in Sources */ = {isa = PBXBuildFile; fileRef = 257AEA6D129E910900DE9D51 /* TalentPad.xcdatamodel */; };
		2500E89112B4E03E00EB1987 /* masteries.json in Resources */ = {isa = PBXBuildFile; fileRef = 2500E89012B4E03E00EB1987 /* masteries.json */; };
		2500E89212B4E03E00EB1987 /* masteries.json in Resources */ = {isa = PBXBuildFile; fileRef = 2500E89012B4E03E00EB1987 /* masteries.json */; };
		257AEA28129E8FB900DE9D51 /* CoreData.framework in Frameworks */ = {isa = PBXBuildFile; fileRef = 257AEA27129E8FB900DE9D51 /* CoreData.framework */; };
		257AEA34129E901900DE9D51 /* SMADataCenter.m in Sources */ = {isa = PBXBuildFile; fileRef = 257AEA31129E901900DE9D51 /* SMADataCenter.m */; };
		257AEA35129E901900DE9D51 /* SMACoreDataStack.m in Sources */ = {isa = PBXBuildFile; fileRef = 257AEA33129E901900DE9D51 /* SMACoreDataStack.m */; };
		257AEA4A129E902700DE9D51 /* Reachability.m in Sources */ = {isa = PBXBuildFile; fileRef = 257AEA49129E902700DE9D51 /* Reachability.m */; };
		257AEA4F129E902A00DE9D51 /* libFlurry.a in Frameworks */ = {isa = PBXBuildFile; fileRef = 257AEA4E129E902A00DE9D51 /* libFlurry.a */; };
		257AEA53129E903B00DE9D51 /* SystemConfiguration.framework in Frameworks */ = {isa = PBXBuildFile; fileRef = 257AEA52129E903B00DE9D51 /* SystemConfiguration.framework */; };
		257AEA6E129E910900DE9D51 /* TalentPad.xcdatamodel in Sources */ = {isa = PBXBuildFile; fileRef = 257AEA6D129E910900DE9D51 /* TalentPad.xcdatamodel */; };
		257AEAB3129E92AB00DE9D51 /* Icon-72.png in Resources */ = {isa = PBXBuildFile; fileRef = 257AEAAE129E92AB00DE9D51 /* Icon-72.png */; };
		257AEAB4129E92AB00DE9D51 /* Icon.png in Resources */ = {isa = PBXBuildFile; fileRef = 257AEAAF129E92AB00DE9D51 /* Icon.png */; };
		257AEAB5129E92AB00DE9D51 /* Icon@2x.png in Resources */ = {isa = PBXBuildFile; fileRef = 257AEAB0129E92AB00DE9D51 /* Icon@2x.png */; };
		257AEAEE129E945400DE9D51 /* LauncherViewController.m in Sources */ = {isa = PBXBuildFile; fileRef = 257AEAEC129E945400DE9D51 /* LauncherViewController.m */; };
		257AEAEF129E945400DE9D51 /* LauncherViewController.xib in Resources */ = {isa = PBXBuildFile; fileRef = 257AEAED129E945400DE9D51 /* LauncherViewController.xib */; };
		257AEB2E129E968A00DE9D51 /* TalentViewController.m in Sources */ = {isa = PBXBuildFile; fileRef = 257AEB2C129E968A00DE9D51 /* TalentViewController.m */; };
		257AEB92129E9C8400DE9D51 /* deathknight_0.png in Resources */ = {isa = PBXBuildFile; fileRef = 257AEB82129E9C8400DE9D51 /* deathknight_0.png */; };
		257AEB93129E9C8400DE9D51 /* deathknight_1.png in Resources */ = {isa = PBXBuildFile; fileRef = 257AEB83129E9C8400DE9D51 /* deathknight_1.png */; };
		257AEB94129E9C8400DE9D51 /* deathknight_2.png in Resources */ = {isa = PBXBuildFile; fileRef = 257AEB84129E9C8400DE9D51 /* deathknight_2.png */; };
		257AEB95129E9C8400DE9D51 /* icon_deathknight.png in Resources */ = {isa = PBXBuildFile; fileRef = 257AEB86129E9C8400DE9D51 /* icon_deathknight.png */; };
		257AEB96129E9C8400DE9D51 /* icon_druid.png in Resources */ = {isa = PBXBuildFile; fileRef = 257AEB87129E9C8400DE9D51 /* icon_druid.png */; };
		257AEB97129E9C8400DE9D51 /* icon_hunter.png in Resources */ = {isa = PBXBuildFile; fileRef = 257AEB88129E9C8400DE9D51 /* icon_hunter.png */; };
		257AEB98129E9C8400DE9D51 /* icon_mage.png in Resources */ = {isa = PBXBuildFile; fileRef = 257AEB89129E9C8400DE9D51 /* icon_mage.png */; };
		257AEB99129E9C8400DE9D51 /* icon_murloc.png in Resources */ = {isa = PBXBuildFile; fileRef = 257AEB8A129E9C8400DE9D51 /* icon_murloc.png */; };
		257AEB9A129E9C8400DE9D51 /* icon_paladin.png in Resources */ = {isa = PBXBuildFile; fileRef = 257AEB8B129E9C8400DE9D51 /* icon_paladin.png */; };
		257AEB9B129E9C8400DE9D51 /* icon_pet.png in Resources */ = {isa = PBXBuildFile; fileRef = 257AEB8C129E9C8400DE9D51 /* icon_pet.png */; };
		257AEB9C129E9C8400DE9D51 /* icon_priest.png in Resources */ = {isa = PBXBuildFile; fileRef = 257AEB8D129E9C8400DE9D51 /* icon_priest.png */; };
		257AEB9D129E9C8400DE9D51 /* icon_rogue.png in Resources */ = {isa = PBXBuildFile; fileRef = 257AEB8E129E9C8400DE9D51 /* icon_rogue.png */; };
		257AEB9E129E9C8400DE9D51 /* icon_shaman.png in Resources */ = {isa = PBXBuildFile; fileRef = 257AEB8F129E9C8400DE9D51 /* icon_shaman.png */; };
		257AEB9F129E9C8400DE9D51 /* icon_warlock.png in Resources */ = {isa = PBXBuildFile; fileRef = 257AEB90129E9C8400DE9D51 /* icon_warlock.png */; };
		257AEBA0129E9C8400DE9D51 /* icon_warrior.png in Resources */ = {isa = PBXBuildFile; fileRef = 257AEB91129E9C8400DE9D51 /* icon_warrior.png */; };
		257AEBEC129E9F9500DE9D51 /* TalentButton.m in Sources */ = {isa = PBXBuildFile; fileRef = 257AEBEB129E9F9500DE9D51 /* TalentButton.m */; };
		257AEBF0129E9FE500DE9D51 /* TalentViewController.xib in Resources */ = {isa = PBXBuildFile; fileRef = 257AEBEF129E9FE500DE9D51 /* TalentViewController.xib */; };
		257AEC15129EA0A700DE9D51 /* across-left-green.png in Resources */ = {isa = PBXBuildFile; fileRef = 257AEBF4129EA0A700DE9D51 /* across-left-green.png */; };
		257AEC16129EA0A700DE9D51 /* across-left-grey.png in Resources */ = {isa = PBXBuildFile; fileRef = 257AEBF5129EA0A700DE9D51 /* across-left-grey.png */; };
		257AEC17129EA0A700DE9D51 /* across-left-yellow.png in Resources */ = {isa = PBXBuildFile; fileRef = 257AEBF6129EA0A700DE9D51 /* across-left-yellow.png */; };
		257AEC18129EA0A700DE9D51 /* across-right-green.png in Resources */ = {isa = PBXBuildFile; fileRef = 257AEBF7129EA0A700DE9D51 /* across-right-green.png */; };
		257AEC19129EA0A700DE9D51 /* across-right-grey.png in Resources */ = {isa = PBXBuildFile; fileRef = 257AEBF8129EA0A700DE9D51 /* across-right-grey.png */; };
		257AEC1A129EA0A700DE9D51 /* across-right-yellow.png in Resources */ = {isa = PBXBuildFile; fileRef = 257AEBF9129EA0A700DE9D51 /* across-right-yellow.png */; };
		257AEC1B129EA0A700DE9D51 /* down-1-green.png in Resources */ = {isa = PBXBuildFile; fileRef = 257AEBFA129EA0A700DE9D51 /* down-1-green.png */; };
		257AEC1C129EA0A700DE9D51 /* down-1-grey.png in Resources */ = {isa = PBXBuildFile; fileRef = 257AEBFB129EA0A700DE9D51 /* down-1-grey.png */; };
		257AEC1D129EA0A700DE9D51 /* down-1-yellow.png in Resources */ = {isa = PBXBuildFile; fileRef = 257AEBFC129EA0A700DE9D51 /* down-1-yellow.png */; };
		257AEC1E129EA0A700DE9D51 /* down-2-green.png in Resources */ = {isa = PBXBuildFile; fileRef = 257AEBFD129EA0A700DE9D51 /* down-2-green.png */; };
		257AEC1F129EA0A700DE9D51 /* down-2-grey.png in Resources */ = {isa = PBXBuildFile; fileRef = 257AEBFE129EA0A700DE9D51 /* down-2-grey.png */; };
		257AEC20129EA0A700DE9D51 /* down-2-left-green.png in Resources */ = {isa = PBXBuildFile; fileRef = 257AEBFF129EA0A700DE9D51 /* down-2-left-green.png */; };
		257AEC21129EA0A700DE9D51 /* down-2-left-grey.png in Resources */ = {isa = PBXBuildFile; fileRef = 257AEC00129EA0A700DE9D51 /* down-2-left-grey.png */; };
		257AEC22129EA0A700DE9D51 /* down-2-left-yellow.png in Resources */ = {isa = PBXBuildFile; fileRef = 257AEC01129EA0A700DE9D51 /* down-2-left-yellow.png */; };
		257AEC23129EA0A700DE9D51 /* down-2-right-green.png in Resources */ = {isa = PBXBuildFile; fileRef = 257AEC02129EA0A700DE9D51 /* down-2-right-green.png */; };
		257AEC24129EA0A700DE9D51 /* down-2-right-grey.png in Resources */ = {isa = PBXBuildFile; fileRef = 257AEC03129EA0A700DE9D51 /* down-2-right-grey.png */; };
		257AEC25129EA0A700DE9D51 /* down-2-right-yellow.png in Resources */ = {isa = PBXBuildFile; fileRef = 257AEC04129EA0A700DE9D51 /* down-2-right-yellow.png */; };
		257AEC26129EA0A700DE9D51 /* down-2-yellow.png in Resources */ = {isa = PBXBuildFile; fileRef = 257AEC05129EA0A700DE9D51 /* down-2-yellow.png */; };
		257AEC27129EA0A700DE9D51 /* down-3-green.png in Resources */ = {isa = PBXBuildFile; fileRef = 257AEC06129EA0A700DE9D51 /* down-3-green.png */; };
		257AEC28129EA0A700DE9D51 /* down-3-grey.png in Resources */ = {isa = PBXBuildFile; fileRef = 257AEC07129EA0A700DE9D51 /* down-3-grey.png */; };
		257AEC29129EA0A700DE9D51 /* down-3-yellow.png in Resources */ = {isa = PBXBuildFile; fileRef = 257AEC08129EA0A700DE9D51 /* down-3-yellow.png */; };
		257AEC2A129EA0A700DE9D51 /* down-4-green.png in Resources */ = {isa = PBXBuildFile; fileRef = 257AEC09129EA0A700DE9D51 /* down-4-green.png */; };
		257AEC2B129EA0A700DE9D51 /* down-4-grey.png in Resources */ = {isa = PBXBuildFile; fileRef = 257AEC0A129EA0A700DE9D51 /* down-4-grey.png */; };
		257AEC2C129EA0A700DE9D51 /* down-4-yellow.png in Resources */ = {isa = PBXBuildFile; fileRef = 257AEC0B129EA0A700DE9D51 /* down-4-yellow.png */; };
		257AEC2D129EA0A700DE9D51 /* down-left-green.png in Resources */ = {isa = PBXBuildFile; fileRef = 257AEC0C129EA0A700DE9D51 /* down-left-green.png */; };
		257AEC2E129EA0A700DE9D51 /* down-left-grey.png in Resources */ = {isa = PBXBuildFile; fileRef = 257AEC0D129EA0A700DE9D51 /* down-left-grey.png */; };
		257AEC2F129EA0A700DE9D51 /* down-left-yellow.png in Resources */ = {isa = PBXBuildFile; fileRef = 257AEC0E129EA0A700DE9D51 /* down-left-yellow.png */; };
		257AEC30129EA0A700DE9D51 /* down-right-green.png in Resources */ = {isa = PBXBuildFile; fileRef = 257AEC0F129EA0A700DE9D51 /* down-right-green.png */; };
		257AEC31129EA0A700DE9D51 /* down-right-grey.png in Resources */ = {isa = PBXBuildFile; fileRef = 257AEC10129EA0A700DE9D51 /* down-right-grey.png */; };
		257AEC32129EA0A700DE9D51 /* down-right-yellow.png in Resources */ = {isa = PBXBuildFile; fileRef = 257AEC11129EA0A700DE9D51 /* down-right-yellow.png */; };
		257AEC33129EA0A700DE9D51 /* icon-over-green.png in Resources */ = {isa = PBXBuildFile; fileRef = 257AEC12129EA0A700DE9D51 /* icon-over-green.png */; };
		257AEC34129EA0A700DE9D51 /* icon-over-grey.png in Resources */ = {isa = PBXBuildFile; fileRef = 257AEC13129EA0A700DE9D51 /* icon-over-grey.png */; };
		257AEC35129EA0A700DE9D51 /* icon-over-yellow.png in Resources */ = {isa = PBXBuildFile; fileRef = 257AEC14129EA0A700DE9D51 /* icon-over-yellow.png */; };
		257AEC80129EA91700DE9D51 /* 0000.png in Resources */ = {isa = PBXBuildFile; fileRef = 257AEC7F129EA91700DE9D51 /* 0000.png */; };
		25DC757812B5A682000F70F6 /* TooltipViewController.m in Sources */ = {isa = PBXBuildFile; fileRef = 25DC757612B5A682000F70F6 /* TooltipViewController.m */; };
		25DC757912B5A682000F70F6 /* TooltipViewController.xib in Resources */ = {isa = PBXBuildFile; fileRef = 25DC757712B5A682000F70F6 /* TooltipViewController.xib */; };
		25DC757A12B5A682000F70F6 /* TooltipViewController.m in Sources */ = {isa = PBXBuildFile; fileRef = 25DC757612B5A682000F70F6 /* TooltipViewController.m */; };
		25DC757B12B5A682000F70F6 /* TooltipViewController.xib in Resources */ = {isa = PBXBuildFile; fileRef = 25DC757712B5A682000F70F6 /* TooltipViewController.xib */; };
		25DC758712B5A78C000F70F6 /* tooltip_body.png in Resources */ = {isa = PBXBuildFile; fileRef = 25DC758112B5A78C000F70F6 /* tooltip_body.png */; };
		25DC758812B5A78C000F70F6 /* tooltip_bottom.png in Resources */ = {isa = PBXBuildFile; fileRef = 25DC758212B5A78C000F70F6 /* tooltip_bottom.png */; };
		25DC758912B5A78C000F70F6 /* tooltip_top.png in Resources */ = {isa = PBXBuildFile; fileRef = 25DC758312B5A78C000F70F6 /* tooltip_top.png */; };
		25DC758A12B5A78C000F70F6 /* points_minus_on.png in Resources */ = {isa = PBXBuildFile; fileRef = 25DC758412B5A78C000F70F6 /* points_minus_on.png */; };
		25DC758B12B5A78C000F70F6 /* points_plus_off.png in Resources */ = {isa = PBXBuildFile; fileRef = 25DC758512B5A78C000F70F6 /* points_plus_off.png */; };
		25DC758C12B5A78C000F70F6 /* points_plus_on.png in Resources */ = {isa = PBXBuildFile; fileRef = 25DC758612B5A78C000F70F6 /* points_plus_on.png */; };
		25DC75AD12B5A8BA000F70F6 /* TooltipLabel.m in Sources */ = {isa = PBXBuildFile; fileRef = 25DC75AC12B5A8BA000F70F6 /* TooltipLabel.m */; };
		25DC75B012B5A8C1000F70F6 /* InfoTextView.m in Sources */ = {isa = PBXBuildFile; fileRef = 25DC75AF12B5A8C1000F70F6 /* InfoTextView.m */; };
		25DC75D812B5B51B000F70F6 /* UIView+Additions.m in Sources */ = {isa = PBXBuildFile; fileRef = 25DC75D712B5B51B000F70F6 /* UIView+Additions.m */; };
		25DC75DB12B5B51F000F70F6 /* NSString+Util.m in Sources */ = {isa = PBXBuildFile; fileRef = 25DC75DA12B5B51F000F70F6 /* NSString+Util.m */; };
		25DC75E012B5B523000F70F6 /* NSObject+ConvenienceMethods.m in Sources */ = {isa = PBXBuildFile; fileRef = 25DC75DD12B5B523000F70F6 /* NSObject+ConvenienceMethods.m */; };
		25DC75E112B5B523000F70F6 /* NSString+ConvenienceMethods.m in Sources */ = {isa = PBXBuildFile; fileRef = 25DC75DF12B5B523000F70F6 /* NSString+ConvenienceMethods.m */; };
		25DC771112B5C29D000F70F6 /* DismissView.m in Sources */ = {isa = PBXBuildFile; fileRef = 25DC771012B5C29D000F70F6 /* DismissView.m */; };
		25DC77F912B5CBA8000F70F6 /* points_minus_off.png in Resources */ = {isa = PBXBuildFile; fileRef = 25DC77F812B5CBA8000F70F6 /* points_minus_off.png */; };
		25E07E4712B4E2B300646BC7 /* talentTrees.json in Resources */ = {isa = PBXBuildFile; fileRef = 25E07E4612B4E2B300646BC7 /* talentTrees.json */; };
		25E07E4812B4E2B300646BC7 /* talentTrees.json in Resources */ = {isa = PBXBuildFile; fileRef = 25E07E4612B4E2B300646BC7 /* talentTrees.json */; };
		25E07E6012B4E39500646BC7 /* characterClass.json in Resources */ = {isa = PBXBuildFile; fileRef = 25E07E5F12B4E39500646BC7 /* characterClass.json */; };
		25E07E6112B4E39500646BC7 /* characterClass.json in Resources */ = {isa = PBXBuildFile; fileRef = 25E07E5F12B4E39500646BC7 /* characterClass.json */; };
		25E07EB112B4EAFF00646BC7 /* paladin.json in Resources */ = {isa = PBXBuildFile; fileRef = 25E07EB012B4EAFF00646BC7 /* paladin.json */; };
		25E07EB212B4EAFF00646BC7 /* paladin.json in Resources */ = {isa = PBXBuildFile; fileRef = 25E07EB012B4EAFF00646BC7 /* paladin.json */; };
		25E07EDB12B4ECFC00646BC7 /* TalentTree+Fetch.m in Sources */ = {isa = PBXBuildFile; fileRef = 25E07EDA12B4ECFC00646BC7 /* TalentTree+Fetch.m */; };
		25E07EDC12B4ECFC00646BC7 /* TalentTree+Fetch.m in Sources */ = {isa = PBXBuildFile; fileRef = 25E07EDA12B4ECFC00646BC7 /* TalentTree+Fetch.m */; };
		25E07EF612B4EDDF00646BC7 /* NSManagedObject+Fetch.m in Sources */ = {isa = PBXBuildFile; fileRef = 25E07EF512B4EDDF00646BC7 /* NSManagedObject+Fetch.m */; };
		25E07EF712B4EDDF00646BC7 /* NSManagedObject+Fetch.m in Sources */ = {isa = PBXBuildFile; fileRef = 25E07EF512B4EDDF00646BC7 /* NSManagedObject+Fetch.m */; };
		25E080DF12B503A100646BC7 /* icon-frame-gray.png in Resources */ = {isa = PBXBuildFile; fileRef = 25E080DE12B503A100646BC7 /* icon-frame-gray.png */; };
		25E080E012B503A100646BC7 /* icon-frame-gray.png in Resources */ = {isa = PBXBuildFile; fileRef = 25E080DE12B503A100646BC7 /* icon-frame-gray.png */; };
		25E080E212B5042A00646BC7 /* points-frame-green.png in Resources */ = {isa = PBXBuildFile; fileRef = 25E080E112B5042A00646BC7 /* points-frame-green.png */; };
		25E080E312B5042A00646BC7 /* points-frame-green.png in Resources */ = {isa = PBXBuildFile; fileRef = 25E080E112B5042A00646BC7 /* points-frame-green.png */; };
		25E080EF12B508A000646BC7 /* icon-frame-green.png in Resources */ = {isa = PBXBuildFile; fileRef = 25E080EC12B508A000646BC7 /* icon-frame-green.png */; };
		25E080F012B508A000646BC7 /* icon-frame-yellow.png in Resources */ = {isa = PBXBuildFile; fileRef = 25E080ED12B508A000646BC7 /* icon-frame-yellow.png */; };
		25E080F112B508A000646BC7 /* points-frame-yellow.png in Resources */ = {isa = PBXBuildFile; fileRef = 25E080EE12B508A000646BC7 /* points-frame-yellow.png */; };
		25E080F212B508A000646BC7 /* icon-frame-green.png in Resources */ = {isa = PBXBuildFile; fileRef = 25E080EC12B508A000646BC7 /* icon-frame-green.png */; };
		25E080F312B508A000646BC7 /* icon-frame-yellow.png in Resources */ = {isa = PBXBuildFile; fileRef = 25E080ED12B508A000646BC7 /* icon-frame-yellow.png */; };
		25E080F412B508A000646BC7 /* points-frame-yellow.png in Resources */ = {isa = PBXBuildFile; fileRef = 25E080EE12B508A000646BC7 /* points-frame-yellow.png */; };
		25E080FE12B509D100646BC7 /* ability-frame-yellow.png in Resources */ = {isa = PBXBuildFile; fileRef = 25E080FD12B509D100646BC7 /* ability-frame-yellow.png */; };
		25E080FF12B509D100646BC7 /* ability-frame-yellow.png in Resources */ = {isa = PBXBuildFile; fileRef = 25E080FD12B509D100646BC7 /* ability-frame-yellow.png */; };
		25E0810512B50AF100646BC7 /* ability-frame-gray.png in Resources */ = {isa = PBXBuildFile; fileRef = 25E0810412B50AF100646BC7 /* ability-frame-gray.png */; };
		25E0810612B50AF100646BC7 /* ability-frame-gray.png in Resources */ = {isa = PBXBuildFile; fileRef = 25E0810412B50AF100646BC7 /* ability-frame-gray.png */; };
		25E083D012B5A45100646BC7 /* UIImage+Manipulation.m in Sources */ = {isa = PBXBuildFile; fileRef = 25E083CF12B5A45100646BC7 /* UIImage+Manipulation.m */; };
		25E083D112B5A45100646BC7 /* UIImage+Manipulation.m in Sources */ = {isa = PBXBuildFile; fileRef = 25E083CF12B5A45100646BC7 /* UIImage+Manipulation.m */; };
		288765FD0DF74451002DB57D /* CoreGraphics.framework in Frameworks */ = {isa = PBXBuildFile; fileRef = 288765FC0DF74451002DB57D /* CoreGraphics.framework */; };
/* End PBXBuildFile section */

/* Begin PBXContainerItemProxy section */
		2500E78C12B4D97000EB1987 /* PBXContainerItemProxy */ = {
			isa = PBXContainerItemProxy;
			containerPortal = 29B97313FDCFA39411CA2CEA /* Project object */;
			proxyType = 1;
			remoteGlobalIDString = 1D6058900D05DD3D006BFB54;
			remoteInfo = TalentPad;
		};
/* End PBXContainerItemProxy section */

/* Begin PBXFileReference section */
		1D30AB110D05D00D00671497 /* Foundation.framework */ = {isa = PBXFileReference; lastKnownFileType = wrapper.framework; name = Foundation.framework; path = System/Library/Frameworks/Foundation.framework; sourceTree = SDKROOT; };
		1D3623240D0F684500981E51 /* TalentPadAppDelegate.h */ = {isa = PBXFileReference; fileEncoding = 4; lastKnownFileType = sourcecode.c.h; path = TalentPadAppDelegate.h; sourceTree = "<group>"; };
		1D3623250D0F684500981E51 /* TalentPadAppDelegate.m */ = {isa = PBXFileReference; fileEncoding = 4; lastKnownFileType = sourcecode.c.objc; path = TalentPadAppDelegate.m; sourceTree = "<group>"; };
		1D6058910D05DD3D006BFB54 /* TalentPad.app */ = {isa = PBXFileReference; explicitFileType = wrapper.application; includeInIndex = 0; path = TalentPad.app; sourceTree = BUILT_PRODUCTS_DIR; };
		1DF5F4DF0D08C38300B7A737 /* UIKit.framework */ = {isa = PBXFileReference; lastKnownFileType = wrapper.framework; name = UIKit.framework; path = System/Library/Frameworks/UIKit.framework; sourceTree = SDKROOT; };
		2500E41F12B46A2F00EB1987 /* MainWindow.xib */ = {isa = PBXFileReference; lastKnownFileType = file.xib; path = MainWindow.xib; sourceTree = "<group>"; };
		2500E47012B492DA00EB1987 /* CDataScanner.h */ = {isa = PBXFileReference; fileEncoding = 4; lastKnownFileType = sourcecode.c.h; path = CDataScanner.h; sourceTree = "<group>"; };
		2500E47112B492DA00EB1987 /* CDataScanner.m */ = {isa = PBXFileReference; fileEncoding = 4; lastKnownFileType = sourcecode.c.objc; path = CDataScanner.m; sourceTree = "<group>"; };
		2500E47312B492DA00EB1987 /* CFilteringJSONSerializer.h */ = {isa = PBXFileReference; fileEncoding = 4; lastKnownFileType = sourcecode.c.h; path = CFilteringJSONSerializer.h; sourceTree = "<group>"; };
		2500E47412B492DA00EB1987 /* CFilteringJSONSerializer.m */ = {isa = PBXFileReference; fileEncoding = 4; lastKnownFileType = sourcecode.c.objc; path = CFilteringJSONSerializer.m; sourceTree = "<group>"; };
		2500E47512B492DA00EB1987 /* CJSONDeserializer_BlocksExtensions.h */ = {isa = PBXFileReference; fileEncoding = 4; lastKnownFileType = sourcecode.c.h; path = CJSONDeserializer_BlocksExtensions.h; sourceTree = "<group>"; };
		2500E47612B492DA00EB1987 /* CJSONDeserializer_BlocksExtensions.m */ = {isa = PBXFileReference; fileEncoding = 4; lastKnownFileType = sourcecode.c.objc; path = CJSONDeserializer_BlocksExtensions.m; sourceTree = "<group>"; };
		2500E47712B492DA00EB1987 /* CJSONSerializedData.h */ = {isa = PBXFileReference; fileEncoding = 4; lastKnownFileType = sourcecode.c.h; path = CJSONSerializedData.h; sourceTree = "<group>"; };
		2500E47812B492DA00EB1987 /* CJSONSerializedData.m */ = {isa = PBXFileReference; fileEncoding = 4; lastKnownFileType = sourcecode.c.objc; path = CJSONSerializedData.m; sourceTree = "<group>"; };
		2500E47A12B492DA00EB1987 /* CDataScanner_Extensions.h */ = {isa = PBXFileReference; fileEncoding = 4; lastKnownFileType = sourcecode.c.h; path = CDataScanner_Extensions.h; sourceTree = "<group>"; };
		2500E47B12B492DA00EB1987 /* CDataScanner_Extensions.m */ = {isa = PBXFileReference; fileEncoding = 4; lastKnownFileType = sourcecode.c.objc; path = CDataScanner_Extensions.m; sourceTree = "<group>"; };
		2500E47C12B492DA00EB1987 /* NSCharacterSet_Extensions.h */ = {isa = PBXFileReference; fileEncoding = 4; lastKnownFileType = sourcecode.c.h; path = NSCharacterSet_Extensions.h; sourceTree = "<group>"; };
		2500E47D12B492DA00EB1987 /* NSCharacterSet_Extensions.m */ = {isa = PBXFileReference; fileEncoding = 4; lastKnownFileType = sourcecode.c.objc; path = NSCharacterSet_Extensions.m; sourceTree = "<group>"; };
		2500E47E12B492DA00EB1987 /* NSDictionary_JSONExtensions.h */ = {isa = PBXFileReference; fileEncoding = 4; lastKnownFileType = sourcecode.c.h; path = NSDictionary_JSONExtensions.h; sourceTree = "<group>"; };
		2500E47F12B492DA00EB1987 /* NSDictionary_JSONExtensions.m */ = {isa = PBXFileReference; fileEncoding = 4; lastKnownFileType = sourcecode.c.objc; path = NSDictionary_JSONExtensions.m; sourceTree = "<group>"; };
		2500E48012B492DA00EB1987 /* NSScanner_Extensions.h */ = {isa = PBXFileReference; fileEncoding = 4; lastKnownFileType = sourcecode.c.h; path = NSScanner_Extensions.h; sourceTree = "<group>"; };
		2500E48112B492DA00EB1987 /* NSScanner_Extensions.m */ = {isa = PBXFileReference; fileEncoding = 4; lastKnownFileType = sourcecode.c.objc; path = NSScanner_Extensions.m; sourceTree = "<group>"; };
		2500E48312B492DA00EB1987 /* CJSONDeserializer.h */ = {isa = PBXFileReference; fileEncoding = 4; lastKnownFileType = sourcecode.c.h; path = CJSONDeserializer.h; sourceTree = "<group>"; };
		2500E48412B492DA00EB1987 /* CJSONDeserializer.m */ = {isa = PBXFileReference; fileEncoding = 4; lastKnownFileType = sourcecode.c.objc; path = CJSONDeserializer.m; sourceTree = "<group>"; };
		2500E48512B492DA00EB1987 /* CJSONScanner.h */ = {isa = PBXFileReference; fileEncoding = 4; lastKnownFileType = sourcecode.c.h; path = CJSONScanner.h; sourceTree = "<group>"; };
		2500E48612B492DA00EB1987 /* CJSONScanner.m */ = {isa = PBXFileReference; fileEncoding = 4; lastKnownFileType = sourcecode.c.objc; path = CJSONScanner.m; sourceTree = "<group>"; };
		2500E48712B492DA00EB1987 /* CJSONSerializer.h */ = {isa = PBXFileReference; fileEncoding = 4; lastKnownFileType = sourcecode.c.h; path = CJSONSerializer.h; sourceTree = "<group>"; };
		2500E48812B492DA00EB1987 /* CJSONSerializer.m */ = {isa = PBXFileReference; fileEncoding = 4; lastKnownFileType = sourcecode.c.objc; path = CJSONSerializer.m; sourceTree = "<group>"; };
		2500E48912B492DA00EB1987 /* JSONRepresentation.h */ = {isa = PBXFileReference; fileEncoding = 4; lastKnownFileType = sourcecode.c.h; path = JSONRepresentation.h; sourceTree = "<group>"; };
		2500E49612B4936100EB1987 /* CalculatorViewController.h */ = {isa = PBXFileReference; fileEncoding = 4; lastKnownFileType = sourcecode.c.h; path = CalculatorViewController.h; sourceTree = "<group>"; };
		2500E49712B4936100EB1987 /* CalculatorViewController.m */ = {isa = PBXFileReference; fileEncoding = 4; lastKnownFileType = sourcecode.c.objc; path = CalculatorViewController.m; sourceTree = "<group>"; };
		2500E49812B4936100EB1987 /* CalculatorViewController.xib */ = {isa = PBXFileReference; lastKnownFileType = file.xib; path = CalculatorViewController.xib; sourceTree = "<group>"; };
		2500E4F112B49A0100EB1987 /* TreeViewController.h */ = {isa = PBXFileReference; fileEncoding = 4; lastKnownFileType = sourcecode.c.h; path = TreeViewController.h; sourceTree = "<group>"; };
		2500E4F212B49A0100EB1987 /* TreeViewController.m */ = {isa = PBXFileReference; fileEncoding = 4; lastKnownFileType = sourcecode.c.objc; path = TreeViewController.m; sourceTree = "<group>"; };
		2500E4F312B49A0100EB1987 /* TreeViewController.xib */ = {isa = PBXFileReference; lastKnownFileType = file.xib; path = TreeViewController.xib; sourceTree = "<group>"; };
		2500E63712B4CA0D00EB1987 /* Mastery.h */ = {isa = PBXFileReference; fileEncoding = 4; lastKnownFileType = sourcecode.c.h; path = Mastery.h; sourceTree = "<group>"; };
		2500E63812B4CA0D00EB1987 /* Mastery.m */ = {isa = PBXFileReference; fileEncoding = 4; lastKnownFileType = sourcecode.c.objc; path = Mastery.m; sourceTree = "<group>"; };
		2500E63912B4CA0D00EB1987 /* Rank.h */ = {isa = PBXFileReference; fileEncoding = 4; lastKnownFileType = sourcecode.c.h; path = Rank.h; sourceTree = "<group>"; };
		2500E63A12B4CA0D00EB1987 /* Rank.m */ = {isa = PBXFileReference; fileEncoding = 4; lastKnownFileType = sourcecode.c.objc; path = Rank.m; sourceTree = "<group>"; };
		2500E63B12B4CA0D00EB1987 /* PrimarySpell.h */ = {isa = PBXFileReference; fileEncoding = 4; lastKnownFileType = sourcecode.c.h; path = PrimarySpell.h; sourceTree = "<group>"; };
		2500E63C12B4CA0D00EB1987 /* PrimarySpell.m */ = {isa = PBXFileReference; fileEncoding = 4; lastKnownFileType = sourcecode.c.objc; path = PrimarySpell.m; sourceTree = "<group>"; };
		2500E63D12B4CA0D00EB1987 /* Talent.h */ = {isa = PBXFileReference; fileEncoding = 4; lastKnownFileType = sourcecode.c.h; path = Talent.h; sourceTree = "<group>"; };
		2500E63E12B4CA0D00EB1987 /* Talent.m */ = {isa = PBXFileReference; fileEncoding = 4; lastKnownFileType = sourcecode.c.objc; path = Talent.m; sourceTree = "<group>"; };
		2500E63F12B4CA0D00EB1987 /* TalentTree.h */ = {isa = PBXFileReference; fileEncoding = 4; lastKnownFileType = sourcecode.c.h; path = TalentTree.h; sourceTree = "<group>"; };
		2500E64012B4CA0D00EB1987 /* TalentTree.m */ = {isa = PBXFileReference; fileEncoding = 4; lastKnownFileType = sourcecode.c.objc; path = TalentTree.m; sourceTree = "<group>"; };
		2500E64112B4CA0D00EB1987 /* CharacterClass.h */ = {isa = PBXFileReference; fileEncoding = 4; lastKnownFileType = sourcecode.c.h; path = CharacterClass.h; sourceTree = "<group>"; };
		2500E64212B4CA0D00EB1987 /* CharacterClass.m */ = {isa = PBXFileReference; fileEncoding = 4; lastKnownFileType = sourcecode.c.objc; path = CharacterClass.m; sourceTree = "<group>"; };
		2500E6B012B4D34E00EB1987 /* Test-Info.plist */ = {isa = PBXFileReference; lastKnownFileType = text.plist.xml; path = "Test-Info.plist"; sourceTree = "<group>"; };
		2500E6C812B4D37300EB1987 /* primarySpells.json */ = {isa = PBXFileReference; fileEncoding = 4; lastKnownFileType = text; path = primarySpells.json; sourceTree = "<group>"; };
		2500E6C912B4D37300EB1987 /* talent.json */ = {isa = PBXFileReference; fileEncoding = 4; lastKnownFileType = text; path = talent.json; sourceTree = "<group>"; };
		2500E6CA12B4D37300EB1987 /* talentAbility.json */ = {isa = PBXFileReference; fileEncoding = 4; lastKnownFileType = text; path = talentAbility.json; sourceTree = "<group>"; };
		2500E6CB12B4D37300EB1987 /* warrior.json */ = {isa = PBXFileReference; fileEncoding = 4; lastKnownFileType = text; path = warrior.json; sourceTree = "<group>"; };
		2500E6D012B4D39000EB1987 /* CoreDataTests.h */ = {isa = PBXFileReference; fileEncoding = 4; lastKnownFileType = sourcecode.c.h; path = CoreDataTests.h; sourceTree = "<group>"; };
		2500E6D112B4D39000EB1987 /* CoreDataTests.m */ = {isa = PBXFileReference; fileEncoding = 4; lastKnownFileType = sourcecode.c.objc; path = CoreDataTests.m; sourceTree = "<group>"; };
		2500E78612B4D96B00EB1987 /* Tests.octest */ = {isa = PBXFileReference; explicitFileType = wrapper.cfbundle; includeInIndex = 0; path = Tests.octest; sourceTree = BUILT_PRODUCTS_DIR; };
		2500E78712B4D96B00EB1987 /* Tests-Info.plist */ = {isa = PBXFileReference; lastKnownFileType = text.plist.xml; path = "Tests-Info.plist"; sourceTree = "<group>"; };
		2500E79F12B4D9CC00EB1987 /* CoreFoundation.framework */ = {isa = PBXFileReference; lastKnownFileType = wrapper.framework; name = CoreFoundation.framework; path = System/Library/Frameworks/CoreFoundation.framework; sourceTree = SDKROOT; };
		2500E89012B4E03E00EB1987 /* masteries.json */ = {isa = PBXFileReference; fileEncoding = 4; lastKnownFileType = text; path = masteries.json; sourceTree = "<group>"; };
		257AEA22129E8F8900DE9D51 /* Constants.h */ = {isa = PBXFileReference; fileEncoding = 4; lastKnownFileType = sourcecode.c.h; path = Constants.h; sourceTree = "<group>"; };
		257AEA27129E8FB900DE9D51 /* CoreData.framework */ = {isa = PBXFileReference; lastKnownFileType = wrapper.framework; name = CoreData.framework; path = System/Library/Frameworks/CoreData.framework; sourceTree = SDKROOT; };
		257AEA30129E901900DE9D51 /* SMADataCenter.h */ = {isa = PBXFileReference; fileEncoding = 4; lastKnownFileType = sourcecode.c.h; path = SMADataCenter.h; sourceTree = "<group>"; };
		257AEA31129E901900DE9D51 /* SMADataCenter.m */ = {isa = PBXFileReference; fileEncoding = 4; lastKnownFileType = sourcecode.c.objc; path = SMADataCenter.m; sourceTree = "<group>"; };
		257AEA32129E901900DE9D51 /* SMACoreDataStack.h */ = {isa = PBXFileReference; fileEncoding = 4; lastKnownFileType = sourcecode.c.h; path = SMACoreDataStack.h; sourceTree = "<group>"; };
		257AEA33129E901900DE9D51 /* SMACoreDataStack.m */ = {isa = PBXFileReference; fileEncoding = 4; lastKnownFileType = sourcecode.c.objc; path = SMACoreDataStack.m; sourceTree = "<group>"; };
		257AEA48129E902700DE9D51 /* Reachability.h */ = {isa = PBXFileReference; fileEncoding = 4; lastKnownFileType = sourcecode.c.h; path = Reachability.h; sourceTree = "<group>"; };
		257AEA49129E902700DE9D51 /* Reachability.m */ = {isa = PBXFileReference; fileEncoding = 4; lastKnownFileType = sourcecode.c.objc; path = Reachability.m; sourceTree = "<group>"; };
		257AEA4C129E902A00DE9D51 /* FlurryAdDelegate.h */ = {isa = PBXFileReference; fileEncoding = 4; lastKnownFileType = sourcecode.c.h; path = FlurryAdDelegate.h; sourceTree = "<group>"; };
		257AEA4D129E902A00DE9D51 /* FlurryAPI.h */ = {isa = PBXFileReference; fileEncoding = 4; lastKnownFileType = sourcecode.c.h; path = FlurryAPI.h; sourceTree = "<group>"; };
		257AEA4E129E902A00DE9D51 /* libFlurry.a */ = {isa = PBXFileReference; lastKnownFileType = archive.ar; path = libFlurry.a; sourceTree = "<group>"; };
		257AEA52129E903B00DE9D51 /* SystemConfiguration.framework */ = {isa = PBXFileReference; lastKnownFileType = wrapper.framework; name = SystemConfiguration.framework; path = System/Library/Frameworks/SystemConfiguration.framework; sourceTree = SDKROOT; };
		257AEA6D129E910900DE9D51 /* TalentPad.xcdatamodel */ = {isa = PBXFileReference; fileEncoding = 4; lastKnownFileType = wrapper.xcdatamodel; name = TalentPad.xcdatamodel; path = Resources/TalentPad.xcdatamodel; sourceTree = "<group>"; };
		257AEAAE129E92AB00DE9D51 /* Icon-72.png */ = {isa = PBXFileReference; lastKnownFileType = image.png; path = "Icon-72.png"; sourceTree = "<group>"; };
		257AEAAF129E92AB00DE9D51 /* Icon.png */ = {isa = PBXFileReference; lastKnownFileType = image.png; path = Icon.png; sourceTree = "<group>"; };
		257AEAB0129E92AB00DE9D51 /* Icon@2x.png */ = {isa = PBXFileReference; lastKnownFileType = image.png; path = "Icon@2x.png"; sourceTree = "<group>"; };
		257AEAEB129E945400DE9D51 /* LauncherViewController.h */ = {isa = PBXFileReference; fileEncoding = 4; lastKnownFileType = sourcecode.c.h; path = LauncherViewController.h; sourceTree = "<group>"; };
		257AEAEC129E945400DE9D51 /* LauncherViewController.m */ = {isa = PBXFileReference; fileEncoding = 4; lastKnownFileType = sourcecode.c.objc; path = LauncherViewController.m; sourceTree = "<group>"; };
		257AEAED129E945400DE9D51 /* LauncherViewController.xib */ = {isa = PBXFileReference; lastKnownFileType = file.xib; path = LauncherViewController.xib; sourceTree = "<group>"; };
		257AEB2B129E968A00DE9D51 /* TalentViewController.h */ = {isa = PBXFileReference; fileEncoding = 4; lastKnownFileType = sourcecode.c.h; path = TalentViewController.h; sourceTree = "<group>"; };
		257AEB2C129E968A00DE9D51 /* TalentViewController.m */ = {isa = PBXFileReference; fileEncoding = 4; lastKnownFileType = sourcecode.c.objc; path = TalentViewController.m; sourceTree = "<group>"; };
		257AEB82129E9C8400DE9D51 /* deathknight_0.png */ = {isa = PBXFileReference; lastKnownFileType = image.png; path = deathknight_0.png; sourceTree = "<group>"; };
		257AEB83129E9C8400DE9D51 /* deathknight_1.png */ = {isa = PBXFileReference; lastKnownFileType = image.png; path = deathknight_1.png; sourceTree = "<group>"; };
		257AEB84129E9C8400DE9D51 /* deathknight_2.png */ = {isa = PBXFileReference; lastKnownFileType = image.png; path = deathknight_2.png; sourceTree = "<group>"; };
		257AEB86129E9C8400DE9D51 /* icon_deathknight.png */ = {isa = PBXFileReference; lastKnownFileType = image.png; path = icon_deathknight.png; sourceTree = "<group>"; };
		257AEB87129E9C8400DE9D51 /* icon_druid.png */ = {isa = PBXFileReference; lastKnownFileType = image.png; path = icon_druid.png; sourceTree = "<group>"; };
		257AEB88129E9C8400DE9D51 /* icon_hunter.png */ = {isa = PBXFileReference; lastKnownFileType = image.png; path = icon_hunter.png; sourceTree = "<group>"; };
		257AEB89129E9C8400DE9D51 /* icon_mage.png */ = {isa = PBXFileReference; lastKnownFileType = image.png; path = icon_mage.png; sourceTree = "<group>"; };
		257AEB8A129E9C8400DE9D51 /* icon_murloc.png */ = {isa = PBXFileReference; lastKnownFileType = image.png; path = icon_murloc.png; sourceTree = "<group>"; };
		257AEB8B129E9C8400DE9D51 /* icon_paladin.png */ = {isa = PBXFileReference; lastKnownFileType = image.png; path = icon_paladin.png; sourceTree = "<group>"; };
		257AEB8C129E9C8400DE9D51 /* icon_pet.png */ = {isa = PBXFileReference; lastKnownFileType = image.png; path = icon_pet.png; sourceTree = "<group>"; };
		257AEB8D129E9C8400DE9D51 /* icon_priest.png */ = {isa = PBXFileReference; lastKnownFileType = image.png; path = icon_priest.png; sourceTree = "<group>"; };
		257AEB8E129E9C8400DE9D51 /* icon_rogue.png */ = {isa = PBXFileReference; lastKnownFileType = image.png; path = icon_rogue.png; sourceTree = "<group>"; };
		257AEB8F129E9C8400DE9D51 /* icon_shaman.png */ = {isa = PBXFileReference; lastKnownFileType = image.png; path = icon_shaman.png; sourceTree = "<group>"; };
		257AEB90129E9C8400DE9D51 /* icon_warlock.png */ = {isa = PBXFileReference; lastKnownFileType = image.png; path = icon_warlock.png; sourceTree = "<group>"; };
		257AEB91129E9C8400DE9D51 /* icon_warrior.png */ = {isa = PBXFileReference; lastKnownFileType = image.png; path = icon_warrior.png; sourceTree = "<group>"; };
		257AEBEA129E9F9500DE9D51 /* TalentButton.h */ = {isa = PBXFileReference; fileEncoding = 4; lastKnownFileType = sourcecode.c.h; path = TalentButton.h; sourceTree = "<group>"; };
		257AEBEB129E9F9500DE9D51 /* TalentButton.m */ = {isa = PBXFileReference; fileEncoding = 4; lastKnownFileType = sourcecode.c.objc; path = TalentButton.m; sourceTree = "<group>"; };
		257AEBEF129E9FE500DE9D51 /* TalentViewController.xib */ = {isa = PBXFileReference; lastKnownFileType = file.xib; path = TalentViewController.xib; sourceTree = "<group>"; };
		257AEBF4129EA0A700DE9D51 /* across-left-green.png */ = {isa = PBXFileReference; lastKnownFileType = image.png; path = "across-left-green.png"; sourceTree = "<group>"; };
		257AEBF5129EA0A700DE9D51 /* across-left-grey.png */ = {isa = PBXFileReference; lastKnownFileType = image.png; path = "across-left-grey.png"; sourceTree = "<group>"; };
		257AEBF6129EA0A700DE9D51 /* across-left-yellow.png */ = {isa = PBXFileReference; lastKnownFileType = image.png; path = "across-left-yellow.png"; sourceTree = "<group>"; };
		257AEBF7129EA0A700DE9D51 /* across-right-green.png */ = {isa = PBXFileReference; lastKnownFileType = image.png; path = "across-right-green.png"; sourceTree = "<group>"; };
		257AEBF8129EA0A700DE9D51 /* across-right-grey.png */ = {isa = PBXFileReference; lastKnownFileType = image.png; path = "across-right-grey.png"; sourceTree = "<group>"; };
		257AEBF9129EA0A700DE9D51 /* across-right-yellow.png */ = {isa = PBXFileReference; lastKnownFileType = image.png; path = "across-right-yellow.png"; sourceTree = "<group>"; };
		257AEBFA129EA0A700DE9D51 /* down-1-green.png */ = {isa = PBXFileReference; lastKnownFileType = image.png; path = "down-1-green.png"; sourceTree = "<group>"; };
		257AEBFB129EA0A700DE9D51 /* down-1-grey.png */ = {isa = PBXFileReference; lastKnownFileType = image.png; path = "down-1-grey.png"; sourceTree = "<group>"; };
		257AEBFC129EA0A700DE9D51 /* down-1-yellow.png */ = {isa = PBXFileReference; lastKnownFileType = image.png; path = "down-1-yellow.png"; sourceTree = "<group>"; };
		257AEBFD129EA0A700DE9D51 /* down-2-green.png */ = {isa = PBXFileReference; lastKnownFileType = image.png; path = "down-2-green.png"; sourceTree = "<group>"; };
		257AEBFE129EA0A700DE9D51 /* down-2-grey.png */ = {isa = PBXFileReference; lastKnownFileType = image.png; path = "down-2-grey.png"; sourceTree = "<group>"; };
		257AEBFF129EA0A700DE9D51 /* down-2-left-green.png */ = {isa = PBXFileReference; lastKnownFileType = image.png; path = "down-2-left-green.png"; sourceTree = "<group>"; };
		257AEC00129EA0A700DE9D51 /* down-2-left-grey.png */ = {isa = PBXFileReference; lastKnownFileType = image.png; path = "down-2-left-grey.png"; sourceTree = "<group>"; };
		257AEC01129EA0A700DE9D51 /* down-2-left-yellow.png */ = {isa = PBXFileReference; lastKnownFileType = image.png; path = "down-2-left-yellow.png"; sourceTree = "<group>"; };
		257AEC02129EA0A700DE9D51 /* down-2-right-green.png */ = {isa = PBXFileReference; lastKnownFileType = image.png; path = "down-2-right-green.png"; sourceTree = "<group>"; };
		257AEC03129EA0A700DE9D51 /* down-2-right-grey.png */ = {isa = PBXFileReference; lastKnownFileType = image.png; path = "down-2-right-grey.png"; sourceTree = "<group>"; };
		257AEC04129EA0A700DE9D51 /* down-2-right-yellow.png */ = {isa = PBXFileReference; lastKnownFileType = image.png; path = "down-2-right-yellow.png"; sourceTree = "<group>"; };
		257AEC05129EA0A700DE9D51 /* down-2-yellow.png */ = {isa = PBXFileReference; lastKnownFileType = image.png; path = "down-2-yellow.png"; sourceTree = "<group>"; };
		257AEC06129EA0A700DE9D51 /* down-3-green.png */ = {isa = PBXFileReference; lastKnownFileType = image.png; path = "down-3-green.png"; sourceTree = "<group>"; };
		257AEC07129EA0A700DE9D51 /* down-3-grey.png */ = {isa = PBXFileReference; lastKnownFileType = image.png; path = "down-3-grey.png"; sourceTree = "<group>"; };
		257AEC08129EA0A700DE9D51 /* down-3-yellow.png */ = {isa = PBXFileReference; lastKnownFileType = image.png; path = "down-3-yellow.png"; sourceTree = "<group>"; };
		257AEC09129EA0A700DE9D51 /* down-4-green.png */ = {isa = PBXFileReference; lastKnownFileType = image.png; path = "down-4-green.png"; sourceTree = "<group>"; };
		257AEC0A129EA0A700DE9D51 /* down-4-grey.png */ = {isa = PBXFileReference; lastKnownFileType = image.png; path = "down-4-grey.png"; sourceTree = "<group>"; };
		257AEC0B129EA0A700DE9D51 /* down-4-yellow.png */ = {isa = PBXFileReference; lastKnownFileType = image.png; path = "down-4-yellow.png"; sourceTree = "<group>"; };
		257AEC0C129EA0A700DE9D51 /* down-left-green.png */ = {isa = PBXFileReference; lastKnownFileType = image.png; path = "down-left-green.png"; sourceTree = "<group>"; };
		257AEC0D129EA0A700DE9D51 /* down-left-grey.png */ = {isa = PBXFileReference; lastKnownFileType = image.png; path = "down-left-grey.png"; sourceTree = "<group>"; };
		257AEC0E129EA0A700DE9D51 /* down-left-yellow.png */ = {isa = PBXFileReference; lastKnownFileType = image.png; path = "down-left-yellow.png"; sourceTree = "<group>"; };
		257AEC0F129EA0A700DE9D51 /* down-right-green.png */ = {isa = PBXFileReference; lastKnownFileType = image.png; path = "down-right-green.png"; sourceTree = "<group>"; };
		257AEC10129EA0A700DE9D51 /* down-right-grey.png */ = {isa = PBXFileReference; lastKnownFileType = image.png; path = "down-right-grey.png"; sourceTree = "<group>"; };
		257AEC11129EA0A700DE9D51 /* down-right-yellow.png */ = {isa = PBXFileReference; lastKnownFileType = image.png; path = "down-right-yellow.png"; sourceTree = "<group>"; };
		257AEC12129EA0A700DE9D51 /* icon-over-green.png */ = {isa = PBXFileReference; lastKnownFileType = image.png; path = "icon-over-green.png"; sourceTree = "<group>"; };
		257AEC13129EA0A700DE9D51 /* icon-over-grey.png */ = {isa = PBXFileReference; lastKnownFileType = image.png; path = "icon-over-grey.png"; sourceTree = "<group>"; };
		257AEC14129EA0A700DE9D51 /* icon-over-yellow.png */ = {isa = PBXFileReference; lastKnownFileType = image.png; path = "icon-over-yellow.png"; sourceTree = "<group>"; };
		257AEC7F129EA91700DE9D51 /* 0000.png */ = {isa = PBXFileReference; lastKnownFileType = image.png; path = 0000.png; sourceTree = "<group>"; };
		25DC757512B5A682000F70F6 /* TooltipViewController.h */ = {isa = PBXFileReference; fileEncoding = 4; lastKnownFileType = sourcecode.c.h; path = TooltipViewController.h; sourceTree = "<group>"; };
		25DC757612B5A682000F70F6 /* TooltipViewController.m */ = {isa = PBXFileReference; fileEncoding = 4; lastKnownFileType = sourcecode.c.objc; path = TooltipViewController.m; sourceTree = "<group>"; };
		25DC757712B5A682000F70F6 /* TooltipViewController.xib */ = {isa = PBXFileReference; lastKnownFileType = file.xib; path = TooltipViewController.xib; sourceTree = "<group>"; };
		25DC758112B5A78C000F70F6 /* tooltip_body.png */ = {isa = PBXFileReference; lastKnownFileType = image.png; path = tooltip_body.png; sourceTree = "<group>"; };
		25DC758212B5A78C000F70F6 /* tooltip_bottom.png */ = {isa = PBXFileReference; lastKnownFileType = image.png; path = tooltip_bottom.png; sourceTree = "<group>"; };
		25DC758312B5A78C000F70F6 /* tooltip_top.png */ = {isa = PBXFileReference; lastKnownFileType = image.png; path = tooltip_top.png; sourceTree = "<group>"; };
		25DC758412B5A78C000F70F6 /* points_minus_on.png */ = {isa = PBXFileReference; lastKnownFileType = image.png; path = points_minus_on.png; sourceTree = "<group>"; };
		25DC758512B5A78C000F70F6 /* points_plus_off.png */ = {isa = PBXFileReference; lastKnownFileType = image.png; path = points_plus_off.png; sourceTree = "<group>"; };
		25DC758612B5A78C000F70F6 /* points_plus_on.png */ = {isa = PBXFileReference; lastKnownFileType = image.png; path = points_plus_on.png; sourceTree = "<group>"; };
		25DC75AB12B5A8BA000F70F6 /* TooltipLabel.h */ = {isa = PBXFileReference; fileEncoding = 4; lastKnownFileType = sourcecode.c.h; path = TooltipLabel.h; sourceTree = "<group>"; };
		25DC75AC12B5A8BA000F70F6 /* TooltipLabel.m */ = {isa = PBXFileReference; fileEncoding = 4; lastKnownFileType = sourcecode.c.objc; path = TooltipLabel.m; sourceTree = "<group>"; };
		25DC75AE12B5A8C1000F70F6 /* InfoTextView.h */ = {isa = PBXFileReference; fileEncoding = 4; lastKnownFileType = sourcecode.c.h; path = InfoTextView.h; sourceTree = "<group>"; };
		25DC75AF12B5A8C1000F70F6 /* InfoTextView.m */ = {isa = PBXFileReference; fileEncoding = 4; lastKnownFileType = sourcecode.c.objc; path = InfoTextView.m; sourceTree = "<group>"; };
		25DC75D612B5B51B000F70F6 /* UIView+Additions.h */ = {isa = PBXFileReference; fileEncoding = 4; lastKnownFileType = sourcecode.c.h; path = "UIView+Additions.h"; sourceTree = "<group>"; };
		25DC75D712B5B51B000F70F6 /* UIView+Additions.m */ = {isa = PBXFileReference; fileEncoding = 4; lastKnownFileType = sourcecode.c.objc; path = "UIView+Additions.m"; sourceTree = "<group>"; };
		25DC75D912B5B51F000F70F6 /* NSString+Util.h */ = {isa = PBXFileReference; fileEncoding = 4; lastKnownFileType = sourcecode.c.h; path = "NSString+Util.h"; sourceTree = "<group>"; };
		25DC75DA12B5B51F000F70F6 /* NSString+Util.m */ = {isa = PBXFileReference; fileEncoding = 4; lastKnownFileType = sourcecode.c.objc; path = "NSString+Util.m"; sourceTree = "<group>"; };
		25DC75DC12B5B523000F70F6 /* NSObject+ConvenienceMethods.h */ = {isa = PBXFileReference; fileEncoding = 4; lastKnownFileType = sourcecode.c.h; path = "NSObject+ConvenienceMethods.h"; sourceTree = "<group>"; };
		25DC75DD12B5B523000F70F6 /* NSObject+ConvenienceMethods.m */ = {isa = PBXFileReference; fileEncoding = 4; lastKnownFileType = sourcecode.c.objc; path = "NSObject+ConvenienceMethods.m"; sourceTree = "<group>"; };
		25DC75DE12B5B523000F70F6 /* NSString+ConvenienceMethods.h */ = {isa = PBXFileReference; fileEncoding = 4; lastKnownFileType = sourcecode.c.h; path = "NSString+ConvenienceMethods.h"; sourceTree = "<group>"; };
		25DC75DF12B5B523000F70F6 /* NSString+ConvenienceMethods.m */ = {isa = PBXFileReference; fileEncoding = 4; lastKnownFileType = sourcecode.c.objc; path = "NSString+ConvenienceMethods.m"; sourceTree = "<group>"; };
		25DC770F12B5C29D000F70F6 /* DismissView.h */ = {isa = PBXFileReference; fileEncoding = 4; lastKnownFileType = sourcecode.c.h; path = DismissView.h; sourceTree = "<group>"; };
		25DC771012B5C29D000F70F6 /* DismissView.m */ = {isa = PBXFileReference; fileEncoding = 4; lastKnownFileType = sourcecode.c.objc; path = DismissView.m; sourceTree = "<group>"; };
		25DC77F812B5CBA8000F70F6 /* points_minus_off.png */ = {isa = PBXFileReference; lastKnownFileType = image.png; path = points_minus_off.png; sourceTree = "<group>"; };
		25E07E4612B4E2B300646BC7 /* talentTrees.json */ = {isa = PBXFileReference; fileEncoding = 4; lastKnownFileType = text; path = talentTrees.json; sourceTree = "<group>"; };
		25E07E5F12B4E39500646BC7 /* characterClass.json */ = {isa = PBXFileReference; fileEncoding = 4; lastKnownFileType = text; path = characterClass.json; sourceTree = "<group>"; };
		25E07EB012B4EAFF00646BC7 /* paladin.json */ = {isa = PBXFileReference; fileEncoding = 4; lastKnownFileType = text; path = paladin.json; sourceTree = "<group>"; };
		25E07ED912B4ECFC00646BC7 /* TalentTree+Fetch.h */ = {isa = PBXFileReference; fileEncoding = 4; lastKnownFileType = sourcecode.c.h; path = "TalentTree+Fetch.h"; sourceTree = "<group>"; };
		25E07EDA12B4ECFC00646BC7 /* TalentTree+Fetch.m */ = {isa = PBXFileReference; fileEncoding = 4; lastKnownFileType = sourcecode.c.objc; path = "TalentTree+Fetch.m"; sourceTree = "<group>"; };
		25E07EF412B4EDDF00646BC7 /* NSManagedObject+Fetch.h */ = {isa = PBXFileReference; fileEncoding = 4; lastKnownFileType = sourcecode.c.h; path = "NSManagedObject+Fetch.h"; sourceTree = "<group>"; };
		25E07EF512B4EDDF00646BC7 /* NSManagedObject+Fetch.m */ = {isa = PBXFileReference; fileEncoding = 4; lastKnownFileType = sourcecode.c.objc; path = "NSManagedObject+Fetch.m"; sourceTree = "<group>"; };
		25E080DE12B503A100646BC7 /* icon-frame-gray.png */ = {isa = PBXFileReference; lastKnownFileType = image.png; path = "icon-frame-gray.png"; sourceTree = "<group>"; };
		25E080E112B5042A00646BC7 /* points-frame-green.png */ = {isa = PBXFileReference; lastKnownFileType = image.png; path = "points-frame-green.png"; sourceTree = "<group>"; };
		25E080EC12B508A000646BC7 /* icon-frame-green.png */ = {isa = PBXFileReference; lastKnownFileType = image.png; path = "icon-frame-green.png"; sourceTree = "<group>"; };
		25E080ED12B508A000646BC7 /* icon-frame-yellow.png */ = {isa = PBXFileReference; lastKnownFileType = image.png; path = "icon-frame-yellow.png"; sourceTree = "<group>"; };
		25E080EE12B508A000646BC7 /* points-frame-yellow.png */ = {isa = PBXFileReference; lastKnownFileType = image.png; path = "points-frame-yellow.png"; sourceTree = "<group>"; };
		25E080FD12B509D100646BC7 /* ability-frame-yellow.png */ = {isa = PBXFileReference; lastKnownFileType = image.png; path = "ability-frame-yellow.png"; sourceTree = "<group>"; };
		25E0810412B50AF100646BC7 /* ability-frame-gray.png */ = {isa = PBXFileReference; lastKnownFileType = image.png; path = "ability-frame-gray.png"; sourceTree = "<group>"; };
		25E083CE12B5A45100646BC7 /* UIImage+Manipulation.h */ = {isa = PBXFileReference; fileEncoding = 4; lastKnownFileType = sourcecode.c.h; path = "UIImage+Manipulation.h"; sourceTree = "<group>"; };
		25E083CF12B5A45100646BC7 /* UIImage+Manipulation.m */ = {isa = PBXFileReference; fileEncoding = 4; lastKnownFileType = sourcecode.c.objc; path = "UIImage+Manipulation.m"; sourceTree = "<group>"; };
		288765FC0DF74451002DB57D /* CoreGraphics.framework */ = {isa = PBXFileReference; lastKnownFileType = wrapper.framework; name = CoreGraphics.framework; path = System/Library/Frameworks/CoreGraphics.framework; sourceTree = SDKROOT; };
		29B97316FDCFA39411CA2CEA /* main.m */ = {isa = PBXFileReference; fileEncoding = 4; lastKnownFileType = sourcecode.c.objc; path = main.m; sourceTree = "<group>"; };
		32CA4F630368D1EE00C91783 /* TalentPad_Prefix.pch */ = {isa = PBXFileReference; fileEncoding = 4; lastKnownFileType = sourcecode.c.h; path = TalentPad_Prefix.pch; sourceTree = "<group>"; };
		8D1107310486CEB800E47090 /* TalentPad-Info.plist */ = {isa = PBXFileReference; fileEncoding = 4; lastKnownFileType = text.plist.xml; path = "TalentPad-Info.plist"; plistStructureDefinitionIdentifier = "com.apple.xcode.plist.structure-definition.iphone.info-plist"; sourceTree = "<group>"; };
/* End PBXFileReference section */

/* Begin PBXFrameworksBuildPhase section */
		1D60588F0D05DD3D006BFB54 /* Frameworks */ = {
			isa = PBXFrameworksBuildPhase;
			buildActionMask = 2147483647;
			files = (
				1D60589F0D05DD5A006BFB54 /* Foundation.framework in Frameworks */,
				1DF5F4E00D08C38300B7A737 /* UIKit.framework in Frameworks */,
				288765FD0DF74451002DB57D /* CoreGraphics.framework in Frameworks */,
				257AEA28129E8FB900DE9D51 /* CoreData.framework in Frameworks */,
				257AEA4F129E902A00DE9D51 /* libFlurry.a in Frameworks */,
				257AEA53129E903B00DE9D51 /* SystemConfiguration.framework in Frameworks */,
			);
			runOnlyForDeploymentPostprocessing = 0;
		};
		2500E78312B4D96B00EB1987 /* Frameworks */ = {
			isa = PBXFrameworksBuildPhase;
			buildActionMask = 2147483647;
			files = (
				2500E79E12B4D9CC00EB1987 /* CoreData.framework in Frameworks */,
				2500E7A012B4D9CC00EB1987 /* CoreFoundation.framework in Frameworks */,
				2500E7A112B4D9CC00EB1987 /* Foundation.framework in Frameworks */,
				2500E7A212B4D9CC00EB1987 /* SystemConfiguration.framework in Frameworks */,
				2500E7A312B4D9CC00EB1987 /* UIKit.framework in Frameworks */,
			);
			runOnlyForDeploymentPostprocessing = 0;
		};
/* End PBXFrameworksBuildPhase section */

/* Begin PBXGroup section */
		080E96DDFE201D6D7F000001 /* Classes */ = {
			isa = PBXGroup;
			children = (
				25E083CD12B5A44300646BC7 /* Categories */,
				2500E62712B4BE0900EB1987 /* TalentData */,
				257AEA2B129E900E00DE9D51 /* Controllers */,
				257AEA2C129E900E00DE9D51 /* CoreData */,
				257AEA2D129E900E00DE9D51 /* Models */,
				257AEA2E129E900E00DE9D51 /* Vendor */,
				257AEA2F129E900E00DE9D51 /* Views */,
				1D3623240D0F684500981E51 /* TalentPadAppDelegate.h */,
				1D3623250D0F684500981E51 /* TalentPadAppDelegate.m */,
			);
			path = Classes;
			sourceTree = "<group>";
		};
		19C28FACFE9D520D11CA2CBB /* Products */ = {
			isa = PBXGroup;
			children = (
				1D6058910D05DD3D006BFB54 /* TalentPad.app */,
				2500E78612B4D96B00EB1987 /* Tests.octest */,
			);
			name = Products;
			sourceTree = "<group>";
		};
		2500E46F12B492DA00EB1987 /* TouchJSON */ = {
			isa = PBXGroup;
			children = (
				2500E47012B492DA00EB1987 /* CDataScanner.h */,
				2500E47112B492DA00EB1987 /* CDataScanner.m */,
				2500E47212B492DA00EB1987 /* Experimental */,
				2500E47912B492DA00EB1987 /* Extensions */,
				2500E48212B492DA00EB1987 /* JSON */,
			);
			path = TouchJSON;
			sourceTree = "<group>";
		};
		2500E47212B492DA00EB1987 /* Experimental */ = {
			isa = PBXGroup;
			children = (
				2500E47312B492DA00EB1987 /* CFilteringJSONSerializer.h */,
				2500E47412B492DA00EB1987 /* CFilteringJSONSerializer.m */,
				2500E47512B492DA00EB1987 /* CJSONDeserializer_BlocksExtensions.h */,
				2500E47612B492DA00EB1987 /* CJSONDeserializer_BlocksExtensions.m */,
				2500E47712B492DA00EB1987 /* CJSONSerializedData.h */,
				2500E47812B492DA00EB1987 /* CJSONSerializedData.m */,
			);
			path = Experimental;
			sourceTree = "<group>";
		};
		2500E47912B492DA00EB1987 /* Extensions */ = {
			isa = PBXGroup;
			children = (
				2500E47A12B492DA00EB1987 /* CDataScanner_Extensions.h */,
				2500E47B12B492DA00EB1987 /* CDataScanner_Extensions.m */,
				2500E47C12B492DA00EB1987 /* NSCharacterSet_Extensions.h */,
				2500E47D12B492DA00EB1987 /* NSCharacterSet_Extensions.m */,
				2500E47E12B492DA00EB1987 /* NSDictionary_JSONExtensions.h */,
				2500E47F12B492DA00EB1987 /* NSDictionary_JSONExtensions.m */,
				2500E48012B492DA00EB1987 /* NSScanner_Extensions.h */,
				2500E48112B492DA00EB1987 /* NSScanner_Extensions.m */,
			);
			path = Extensions;
			sourceTree = "<group>";
		};
		2500E48212B492DA00EB1987 /* JSON */ = {
			isa = PBXGroup;
			children = (
				2500E48312B492DA00EB1987 /* CJSONDeserializer.h */,
				2500E48412B492DA00EB1987 /* CJSONDeserializer.m */,
				2500E48512B492DA00EB1987 /* CJSONScanner.h */,
				2500E48612B492DA00EB1987 /* CJSONScanner.m */,
				2500E48712B492DA00EB1987 /* CJSONSerializer.h */,
				2500E48812B492DA00EB1987 /* CJSONSerializer.m */,
				2500E48912B492DA00EB1987 /* JSONRepresentation.h */,
			);
			path = JSON;
			sourceTree = "<group>";
		};
		2500E5B712B4AB8900EB1987 /* Test */ = {
			isa = PBXGroup;
			children = (
				2500E6C712B4D37300EB1987 /* json */,
				2500E6D012B4D39000EB1987 /* CoreDataTests.h */,
				2500E6D112B4D39000EB1987 /* CoreDataTests.m */,
			);
			path = Test;
			sourceTree = "<group>";
		};
		2500E62712B4BE0900EB1987 /* TalentData */ = {
			isa = PBXGroup;
			children = (
			);
			path = TalentData;
			sourceTree = SOURCE_ROOT;
		};
		2500E6C712B4D37300EB1987 /* json */ = {
			isa = PBXGroup;
			children = (
				25E07EB012B4EAFF00646BC7 /* paladin.json */,
				25E07E5F12B4E39500646BC7 /* characterClass.json */,
				25E07E4612B4E2B300646BC7 /* talentTrees.json */,
				2500E89012B4E03E00EB1987 /* masteries.json */,
				2500E6C812B4D37300EB1987 /* primarySpells.json */,
				2500E6C912B4D37300EB1987 /* talent.json */,
				2500E6CA12B4D37300EB1987 /* talentAbility.json */,
				2500E6CB12B4D37300EB1987 /* warrior.json */,
			);
			path = json;
			sourceTree = "<group>";
		};
		257AEA2B129E900E00DE9D51 /* Controllers */ = {
			isa = PBXGroup;
			children = (
				257AEAEB129E945400DE9D51 /* LauncherViewController.h */,
				257AEAEC129E945400DE9D51 /* LauncherViewController.m */,
				257AEAED129E945400DE9D51 /* LauncherViewController.xib */,
				2500E49612B4936100EB1987 /* CalculatorViewController.h */,
				2500E49712B4936100EB1987 /* CalculatorViewController.m */,
				2500E49812B4936100EB1987 /* CalculatorViewController.xib */,
				2500E4F112B49A0100EB1987 /* TreeViewController.h */,
				2500E4F212B49A0100EB1987 /* TreeViewController.m */,
				2500E4F312B49A0100EB1987 /* TreeViewController.xib */,
				257AEB2B129E968A00DE9D51 /* TalentViewController.h */,
				257AEB2C129E968A00DE9D51 /* TalentViewController.m */,
				257AEBEF129E9FE500DE9D51 /* TalentViewController.xib */,
				25DC757512B5A682000F70F6 /* TooltipViewController.h */,
				25DC757612B5A682000F70F6 /* TooltipViewController.m */,
				25DC757712B5A682000F70F6 /* TooltipViewController.xib */,
			);
			path = Controllers;
			sourceTree = "<group>";
		};
		257AEA2C129E900E00DE9D51 /* CoreData */ = {
			isa = PBXGroup;
			children = (
				257AEA30129E901900DE9D51 /* SMADataCenter.h */,
				257AEA31129E901900DE9D51 /* SMADataCenter.m */,
				257AEA32129E901900DE9D51 /* SMACoreDataStack.h */,
				257AEA33129E901900DE9D51 /* SMACoreDataStack.m */,
			);
			path = CoreData;
			sourceTree = "<group>";
		};
		257AEA2D129E900E00DE9D51 /* Models */ = {
			isa = PBXGroup;
			children = (
				25E07ED812B4ECE200646BC7 /* Categories */,
				2500E64112B4CA0D00EB1987 /* CharacterClass.h */,
				2500E64212B4CA0D00EB1987 /* CharacterClass.m */,
				2500E63F12B4CA0D00EB1987 /* TalentTree.h */,
				2500E64012B4CA0D00EB1987 /* TalentTree.m */,
				2500E63B12B4CA0D00EB1987 /* PrimarySpell.h */,
				2500E63C12B4CA0D00EB1987 /* PrimarySpell.m */,
				2500E63712B4CA0D00EB1987 /* Mastery.h */,
				2500E63812B4CA0D00EB1987 /* Mastery.m */,
				2500E63D12B4CA0D00EB1987 /* Talent.h */,
				2500E63E12B4CA0D00EB1987 /* Talent.m */,
				2500E63912B4CA0D00EB1987 /* Rank.h */,
				2500E63A12B4CA0D00EB1987 /* Rank.m */,
			);
			path = Models;
			sourceTree = "<group>";
		};
		257AEA2E129E900E00DE9D51 /* Vendor */ = {
			isa = PBXGroup;
			children = (
				2500E46F12B492DA00EB1987 /* TouchJSON */,
				257AEA4B129E902A00DE9D51 /* FlurryLib */,
				257AEA47129E902700DE9D51 /* Reachability */,
			);
			path = Vendor;
			sourceTree = "<group>";
		};
		257AEA2F129E900E00DE9D51 /* Views */ = {
			isa = PBXGroup;
			children = (
				25DC770F12B5C29D000F70F6 /* DismissView.h */,
				25DC771012B5C29D000F70F6 /* DismissView.m */,
				25DC75AE12B5A8C1000F70F6 /* InfoTextView.h */,
				25DC75AF12B5A8C1000F70F6 /* InfoTextView.m */,
				25DC75AB12B5A8BA000F70F6 /* TooltipLabel.h */,
				25DC75AC12B5A8BA000F70F6 /* TooltipLabel.m */,
				257AEBEA129E9F9500DE9D51 /* TalentButton.h */,
				257AEBEB129E9F9500DE9D51 /* TalentButton.m */,
			);
			path = Views;
			sourceTree = "<group>";
		};
		257AEA47129E902700DE9D51 /* Reachability */ = {
			isa = PBXGroup;
			children = (
				257AEA48129E902700DE9D51 /* Reachability.h */,
				257AEA49129E902700DE9D51 /* Reachability.m */,
			);
			name = Reachability;
			sourceTree = "<group>";
		};
		257AEA4B129E902A00DE9D51 /* FlurryLib */ = {
			isa = PBXGroup;
			children = (
				257AEA4C129E902A00DE9D51 /* FlurryAdDelegate.h */,
				257AEA4D129E902A00DE9D51 /* FlurryAPI.h */,
				257AEA4E129E902A00DE9D51 /* libFlurry.a */,
			);
			path = FlurryLib;
			sourceTree = "<group>";
		};
		257AEAAC129E92AB00DE9D51 /* Assets */ = {
			isa = PBXGroup;
			children = (
				25DC758012B5A77E000F70F6 /* Tooltip */,
				25E080ED12B508A000646BC7 /* icon-frame-yellow.png */,
				25E080EC12B508A000646BC7 /* icon-frame-green.png */,
				25E080DE12B503A100646BC7 /* icon-frame-gray.png */,
				25E080EE12B508A000646BC7 /* points-frame-yellow.png */,
				25E080E112B5042A00646BC7 /* points-frame-green.png */,
				25E080FD12B509D100646BC7 /* ability-frame-yellow.png */,
				25E0810412B50AF100646BC7 /* ability-frame-gray.png */,
				257AEB0B129E95BC00DE9D51 /* 1x */,
				257AEAAD129E92AB00DE9D51 /* Icons */,
			);
			name = Assets;
			path = Resources/Assets;
			sourceTree = "<group>";
		};
		257AEAAD129E92AB00DE9D51 /* Icons */ = {
			isa = PBXGroup;
			children = (
				257AEAAE129E92AB00DE9D51 /* Icon-72.png */,
				257AEAAF129E92AB00DE9D51 /* Icon.png */,
				257AEAB0129E92AB00DE9D51 /* Icon@2x.png */,
			);
			path = Icons;
			sourceTree = "<group>";
		};
		257AEAB1129E92AB00DE9D51 /* Nibs */ = {
			isa = PBXGroup;
			children = (
				2500E41F12B46A2F00EB1987 /* MainWindow.xib */,
			);
			name = Nibs;
			path = Resources/Nibs;
			sourceTree = "<group>";
		};
		257AEB0B129E95BC00DE9D51 /* 1x */ = {
			isa = PBXGroup;
			children = (
				257AEC7E129EA91700DE9D51 /* Talents */,
				257AEBF3129EA0A700DE9D51 /* Misc */,
				257AEB81129E9C8400DE9D51 /* Backgrounds */,
				257AEB85129E9C8400DE9D51 /* LauncherIcons */,
			);
			path = 1x;
			sourceTree = "<group>";
		};
		257AEB81129E9C8400DE9D51 /* Backgrounds */ = {
			isa = PBXGroup;
			children = (
				257AEB82129E9C8400DE9D51 /* deathknight_0.png */,
				257AEB83129E9C8400DE9D51 /* deathknight_1.png */,
				257AEB84129E9C8400DE9D51 /* deathknight_2.png */,
			);
			path = Backgrounds;
			sourceTree = "<group>";
		};
		257AEB85129E9C8400DE9D51 /* LauncherIcons */ = {
			isa = PBXGroup;
			children = (
				257AEB86129E9C8400DE9D51 /* icon_deathknight.png */,
				257AEB87129E9C8400DE9D51 /* icon_druid.png */,
				257AEB88129E9C8400DE9D51 /* icon_hunter.png */,
				257AEB89129E9C8400DE9D51 /* icon_mage.png */,
				257AEB8A129E9C8400DE9D51 /* icon_murloc.png */,
				257AEB8B129E9C8400DE9D51 /* icon_paladin.png */,
				257AEB8C129E9C8400DE9D51 /* icon_pet.png */,
				257AEB8D129E9C8400DE9D51 /* icon_priest.png */,
				257AEB8E129E9C8400DE9D51 /* icon_rogue.png */,
				257AEB8F129E9C8400DE9D51 /* icon_shaman.png */,
				257AEB90129E9C8400DE9D51 /* icon_warlock.png */,
				257AEB91129E9C8400DE9D51 /* icon_warrior.png */,
			);
			path = LauncherIcons;
			sourceTree = "<group>";
		};
		257AEBF3129EA0A700DE9D51 /* Misc */ = {
			isa = PBXGroup;
			children = (
				257AEBF4129EA0A700DE9D51 /* across-left-green.png */,
				257AEBF5129EA0A700DE9D51 /* across-left-grey.png */,
				257AEBF6129EA0A700DE9D51 /* across-left-yellow.png */,
				257AEBF7129EA0A700DE9D51 /* across-right-green.png */,
				257AEBF8129EA0A700DE9D51 /* across-right-grey.png */,
				257AEBF9129EA0A700DE9D51 /* across-right-yellow.png */,
				257AEBFA129EA0A700DE9D51 /* down-1-green.png */,
				257AEBFB129EA0A700DE9D51 /* down-1-grey.png */,
				257AEBFC129EA0A700DE9D51 /* down-1-yellow.png */,
				257AEBFD129EA0A700DE9D51 /* down-2-green.png */,
				257AEBFE129EA0A700DE9D51 /* down-2-grey.png */,
				257AEBFF129EA0A700DE9D51 /* down-2-left-green.png */,
				257AEC00129EA0A700DE9D51 /* down-2-left-grey.png */,
				257AEC01129EA0A700DE9D51 /* down-2-left-yellow.png */,
				257AEC02129EA0A700DE9D51 /* down-2-right-green.png */,
				257AEC03129EA0A700DE9D51 /* down-2-right-grey.png */,
				257AEC04129EA0A700DE9D51 /* down-2-right-yellow.png */,
				257AEC05129EA0A700DE9D51 /* down-2-yellow.png */,
				257AEC06129EA0A700DE9D51 /* down-3-green.png */,
				257AEC07129EA0A700DE9D51 /* down-3-grey.png */,
				257AEC08129EA0A700DE9D51 /* down-3-yellow.png */,
				257AEC09129EA0A700DE9D51 /* down-4-green.png */,
				257AEC0A129EA0A700DE9D51 /* down-4-grey.png */,
				257AEC0B129EA0A700DE9D51 /* down-4-yellow.png */,
				257AEC0C129EA0A700DE9D51 /* down-left-green.png */,
				257AEC0D129EA0A700DE9D51 /* down-left-grey.png */,
				257AEC0E129EA0A700DE9D51 /* down-left-yellow.png */,
				257AEC0F129EA0A700DE9D51 /* down-right-green.png */,
				257AEC10129EA0A700DE9D51 /* down-right-grey.png */,
				257AEC11129EA0A700DE9D51 /* down-right-yellow.png */,
				257AEC12129EA0A700DE9D51 /* icon-over-green.png */,
				257AEC13129EA0A700DE9D51 /* icon-over-grey.png */,
				257AEC14129EA0A700DE9D51 /* icon-over-yellow.png */,
			);
			path = Misc;
			sourceTree = "<group>";
		};
		257AEC7E129EA91700DE9D51 /* Talents */ = {
			isa = PBXGroup;
			children = (
				257AEC7F129EA91700DE9D51 /* 0000.png */,
			);
			path = Talents;
			sourceTree = "<group>";
		};
		25DC758012B5A77E000F70F6 /* Tooltip */ = {
			isa = PBXGroup;
			children = (
				25DC758112B5A78C000F70F6 /* tooltip_body.png */,
				25DC758212B5A78C000F70F6 /* tooltip_bottom.png */,
				25DC758312B5A78C000F70F6 /* tooltip_top.png */,
				25DC758412B5A78C000F70F6 /* points_minus_on.png */,
				25DC77F812B5CBA8000F70F6 /* points_minus_off.png */,
				25DC758512B5A78C000F70F6 /* points_plus_off.png */,
				25DC758612B5A78C000F70F6 /* points_plus_on.png */,
			);
			path = Tooltip;
			sourceTree = "<group>";
		};
		25E07ED812B4ECE200646BC7 /* Categories */ = {
			isa = PBXGroup;
			children = (
				25E07ED912B4ECFC00646BC7 /* TalentTree+Fetch.h */,
				25E07EDA12B4ECFC00646BC7 /* TalentTree+Fetch.m */,
				25E07EF412B4EDDF00646BC7 /* NSManagedObject+Fetch.h */,
				25E07EF512B4EDDF00646BC7 /* NSManagedObject+Fetch.m */,
			);
			path = Categories;
			sourceTree = "<group>";
		};
		25E083CD12B5A44300646BC7 /* Categories */ = {
			isa = PBXGroup;
			children = (
				25E083CE12B5A45100646BC7 /* UIImage+Manipulation.h */,
				25E083CF12B5A45100646BC7 /* UIImage+Manipulation.m */,
				25DC75D612B5B51B000F70F6 /* UIView+Additions.h */,
				25DC75D712B5B51B000F70F6 /* UIView+Additions.m */,
				25DC75D912B5B51F000F70F6 /* NSString+Util.h */,
				25DC75DA12B5B51F000F70F6 /* NSString+Util.m */,
				25DC75DC12B5B523000F70F6 /* NSObject+ConvenienceMethods.h */,
				25DC75DD12B5B523000F70F6 /* NSObject+ConvenienceMethods.m */,
				25DC75DE12B5B523000F70F6 /* NSString+ConvenienceMethods.h */,
				25DC75DF12B5B523000F70F6 /* NSString+ConvenienceMethods.m */,
			);
			path = Categories;
			sourceTree = "<group>";
		};
		29B97314FDCFA39411CA2CEA /* CustomTemplate */ = {
			isa = PBXGroup;
			children = (
				080E96DDFE201D6D7F000001 /* Classes */,
				29B97315FDCFA39411CA2CEA /* Other Sources */,
				29B97317FDCFA39411CA2CEA /* Resources */,
				2500E5B712B4AB8900EB1987 /* Test */,
				29B97323FDCFA39411CA2CEA /* Frameworks */,
				19C28FACFE9D520D11CA2CBB /* Products */,
				2500E6B012B4D34E00EB1987 /* Test-Info.plist */,
				2500E78712B4D96B00EB1987 /* Tests-Info.plist */,
				2500E79F12B4D9CC00EB1987 /* CoreFoundation.framework */,
			);
			name = CustomTemplate;
			sourceTree = "<group>";
		};
		29B97315FDCFA39411CA2CEA /* Other Sources */ = {
			isa = PBXGroup;
			children = (
				32CA4F630368D1EE00C91783 /* TalentPad_Prefix.pch */,
				29B97316FDCFA39411CA2CEA /* main.m */,
				257AEA22129E8F8900DE9D51 /* Constants.h */,
			);
			name = "Other Sources";
			sourceTree = "<group>";
		};
		29B97317FDCFA39411CA2CEA /* Resources */ = {
			isa = PBXGroup;
			children = (
				257AEAAC129E92AB00DE9D51 /* Assets */,
				257AEAB1129E92AB00DE9D51 /* Nibs */,
				8D1107310486CEB800E47090 /* TalentPad-Info.plist */,
				257AEA6D129E910900DE9D51 /* TalentPad.xcdatamodel */,
			);
			name = Resources;
			sourceTree = "<group>";
		};
		29B97323FDCFA39411CA2CEA /* Frameworks */ = {
			isa = PBXGroup;
			children = (
				1DF5F4DF0D08C38300B7A737 /* UIKit.framework */,
				1D30AB110D05D00D00671497 /* Foundation.framework */,
				288765FC0DF74451002DB57D /* CoreGraphics.framework */,
				257AEA27129E8FB900DE9D51 /* CoreData.framework */,
				257AEA52129E903B00DE9D51 /* SystemConfiguration.framework */,
			);
			name = Frameworks;
			sourceTree = "<group>";
		};
/* End PBXGroup section */

/* Begin PBXNativeTarget section */
		1D6058900D05DD3D006BFB54 /* TalentPad */ = {
			isa = PBXNativeTarget;
			buildConfigurationList = 1D6058960D05DD3E006BFB54 /* Build configuration list for PBXNativeTarget "TalentPad" */;
			buildPhases = (
				1D60588D0D05DD3D006BFB54 /* Resources */,
				1D60588E0D05DD3D006BFB54 /* Sources */,
				1D60588F0D05DD3D006BFB54 /* Frameworks */,
			);
			buildRules = (
			);
			dependencies = (
			);
			name = TalentPad;
			productName = WoWTalentPro;
			productReference = 1D6058910D05DD3D006BFB54 /* TalentPad.app */;
			productType = "com.apple.product-type.application";
		};
		2500E78512B4D96B00EB1987 /* Tests */ = {
			isa = PBXNativeTarget;
			buildConfigurationList = 2500E78B12B4D96B00EB1987 /* Build configuration list for PBXNativeTarget "Tests" */;
			buildPhases = (
				2500E78112B4D96B00EB1987 /* Resources */,
				2500E78212B4D96B00EB1987 /* Sources */,
				2500E78312B4D96B00EB1987 /* Frameworks */,
				2500E78412B4D96B00EB1987 /* ShellScript */,
			);
			buildRules = (
			);
			dependencies = (
				2500E78D12B4D97000EB1987 /* PBXTargetDependency */,
			);
			name = Tests;
			productName = Tests;
			productReference = 2500E78612B4D96B00EB1987 /* Tests.octest */;
			productType = "com.apple.product-type.bundle";
		};
/* End PBXNativeTarget section */

/* Begin PBXProject section */
		29B97313FDCFA39411CA2CEA /* Project object */ = {
			isa = PBXProject;
			attributes = {
				ORGANIZATIONNAME = "Seven Minute Apps";
			};
			buildConfigurationList = C01FCF4E08A954540054247B /* Build configuration list for PBXProject "TalentPad" */;
			compatibilityVersion = "Xcode 3.2";
			developmentRegion = English;
			hasScannedForEncodings = 1;
			knownRegions = (
				English,
				Japanese,
				French,
				German,
			);
			mainGroup = 29B97314FDCFA39411CA2CEA /* CustomTemplate */;
			projectDirPath = "";
			projectRoot = "";
			targets = (
				1D6058900D05DD3D006BFB54 /* TalentPad */,
				2500E78512B4D96B00EB1987 /* Tests */,
			);
		};
/* End PBXProject section */

/* Begin PBXResourcesBuildPhase section */
		1D60588D0D05DD3D006BFB54 /* Resources */ = {
			isa = PBXResourcesBuildPhase;
			buildActionMask = 2147483647;
			files = (
				257AEAB3129E92AB00DE9D51 /* Icon-72.png in Resources */,
				257AEAB4129E92AB00DE9D51 /* Icon.png in Resources */,
				257AEAB5129E92AB00DE9D51 /* Icon@2x.png in Resources */,
				257AEAEF129E945400DE9D51 /* LauncherViewController.xib in Resources */,
				257AEB92129E9C8400DE9D51 /* deathknight_0.png in Resources */,
				257AEB93129E9C8400DE9D51 /* deathknight_1.png in Resources */,
				257AEB94129E9C8400DE9D51 /* deathknight_2.png in Resources */,
				257AEB95129E9C8400DE9D51 /* icon_deathknight.png in Resources */,
				257AEB96129E9C8400DE9D51 /* icon_druid.png in Resources */,
				257AEB97129E9C8400DE9D51 /* icon_hunter.png in Resources */,
				257AEB98129E9C8400DE9D51 /* icon_mage.png in Resources */,
				257AEB99129E9C8400DE9D51 /* icon_murloc.png in Resources */,
				257AEB9A129E9C8400DE9D51 /* icon_paladin.png in Resources */,
				257AEB9B129E9C8400DE9D51 /* icon_pet.png in Resources */,
				257AEB9C129E9C8400DE9D51 /* icon_priest.png in Resources */,
				257AEB9D129E9C8400DE9D51 /* icon_rogue.png in Resources */,
				257AEB9E129E9C8400DE9D51 /* icon_shaman.png in Resources */,
				257AEB9F129E9C8400DE9D51 /* icon_warlock.png in Resources */,
				257AEBA0129E9C8400DE9D51 /* icon_warrior.png in Resources */,
				257AEBF0129E9FE500DE9D51 /* TalentViewController.xib in Resources */,
				257AEC15129EA0A700DE9D51 /* across-left-green.png in Resources */,
				257AEC16129EA0A700DE9D51 /* across-left-grey.png in Resources */,
				257AEC17129EA0A700DE9D51 /* across-left-yellow.png in Resources */,
				257AEC18129EA0A700DE9D51 /* across-right-green.png in Resources */,
				257AEC19129EA0A700DE9D51 /* across-right-grey.png in Resources */,
				257AEC1A129EA0A700DE9D51 /* across-right-yellow.png in Resources */,
				257AEC1B129EA0A700DE9D51 /* down-1-green.png in Resources */,
				257AEC1C129EA0A700DE9D51 /* down-1-grey.png in Resources */,
				257AEC1D129EA0A700DE9D51 /* down-1-yellow.png in Resources */,
				257AEC1E129EA0A700DE9D51 /* down-2-green.png in Resources */,
				257AEC1F129EA0A700DE9D51 /* down-2-grey.png in Resources */,
				257AEC20129EA0A700DE9D51 /* down-2-left-green.png in Resources */,
				257AEC21129EA0A700DE9D51 /* down-2-left-grey.png in Resources */,
				257AEC22129EA0A700DE9D51 /* down-2-left-yellow.png in Resources */,
				257AEC23129EA0A700DE9D51 /* down-2-right-green.png in Resources */,
				257AEC24129EA0A700DE9D51 /* down-2-right-grey.png in Resources */,
				257AEC25129EA0A700DE9D51 /* down-2-right-yellow.png in Resources */,
				257AEC26129EA0A700DE9D51 /* down-2-yellow.png in Resources */,
				257AEC27129EA0A700DE9D51 /* down-3-green.png in Resources */,
				257AEC28129EA0A700DE9D51 /* down-3-grey.png in Resources */,
				257AEC29129EA0A700DE9D51 /* down-3-yellow.png in Resources */,
				257AEC2A129EA0A700DE9D51 /* down-4-green.png in Resources */,
				257AEC2B129EA0A700DE9D51 /* down-4-grey.png in Resources */,
				257AEC2C129EA0A700DE9D51 /* down-4-yellow.png in Resources */,
				257AEC2D129EA0A700DE9D51 /* down-left-green.png in Resources */,
				257AEC2E129EA0A700DE9D51 /* down-left-grey.png in Resources */,
				257AEC2F129EA0A700DE9D51 /* down-left-yellow.png in Resources */,
				257AEC30129EA0A700DE9D51 /* down-right-green.png in Resources */,
				257AEC31129EA0A700DE9D51 /* down-right-grey.png in Resources */,
				257AEC32129EA0A700DE9D51 /* down-right-yellow.png in Resources */,
				257AEC33129EA0A700DE9D51 /* icon-over-green.png in Resources */,
				257AEC34129EA0A700DE9D51 /* icon-over-grey.png in Resources */,
				257AEC35129EA0A700DE9D51 /* icon-over-yellow.png in Resources */,
				257AEC80129EA91700DE9D51 /* 0000.png in Resources */,
				2500E42012B46A2F00EB1987 /* MainWindow.xib in Resources */,
				2500E49A12B4936100EB1987 /* CalculatorViewController.xib in Resources */,
				2500E4F512B49A0100EB1987 /* TreeViewController.xib in Resources */,
				2500E6CC12B4D37300EB1987 /* primarySpells.json in Resources */,
				2500E6CD12B4D37300EB1987 /* talent.json in Resources */,
				2500E6CE12B4D37300EB1987 /* talentAbility.json in Resources */,
				2500E6CF12B4D37300EB1987 /* warrior.json in Resources */,
				2500E89112B4E03E00EB1987 /* masteries.json in Resources */,
				25E07E4712B4E2B300646BC7 /* talentTrees.json in Resources */,
				25E07E6012B4E39500646BC7 /* characterClass.json in Resources */,
				25E07EB112B4EAFF00646BC7 /* paladin.json in Resources */,
				25E080E012B503A100646BC7 /* icon-frame-gray.png in Resources */,
				25E080E312B5042A00646BC7 /* points-frame-green.png in Resources */,
				25E080F212B508A000646BC7 /* icon-frame-green.png in Resources */,
				25E080F312B508A000646BC7 /* icon-frame-yellow.png in Resources */,
				25E080F412B508A000646BC7 /* points-frame-yellow.png in Resources */,
				25E080FF12B509D100646BC7 /* ability-frame-yellow.png in Resources */,
				25E0810612B50AF100646BC7 /* ability-frame-gray.png in Resources */,
				25DC757912B5A682000F70F6 /* TooltipViewController.xib in Resources */,
				25DC758712B5A78C000F70F6 /* tooltip_body.png in Resources */,
				25DC758812B5A78C000F70F6 /* tooltip_bottom.png in Resources */,
				25DC758912B5A78C000F70F6 /* tooltip_top.png in Resources */,
				25DC758A12B5A78C000F70F6 /* points_minus_on.png in Resources */,
				25DC758B12B5A78C000F70F6 /* points_plus_off.png in Resources */,
				25DC758C12B5A78C000F70F6 /* points_plus_on.png in Resources */,
				25DC77F912B5CBA8000F70F6 /* points_minus_off.png in Resources */,
			);
			runOnlyForDeploymentPostprocessing = 0;
		};
		2500E78112B4D96B00EB1987 /* Resources */ = {
			isa = PBXResourcesBuildPhase;
			buildActionMask = 2147483647;
			files = (
				2500E7BF12B4DA2300EB1987 /* primarySpells.json in Resources */,
				2500E7C012B4DA2400EB1987 /* talent.json in Resources */,
				2500E7C112B4DA2400EB1987 /* warrior.json in Resources */,
				2500E7C212B4DA2500EB1987 /* talentAbility.json in Resources */,
				2500E89212B4E03E00EB1987 /* masteries.json in Resources */,
				25E07E4812B4E2B300646BC7 /* talentTrees.json in Resources */,
				25E07E6112B4E39500646BC7 /* characterClass.json in Resources */,
				25E07EB212B4EAFF00646BC7 /* paladin.json in Resources */,
				25E080DF12B503A100646BC7 /* icon-frame-gray.png in Resources */,
				25E080E212B5042A00646BC7 /* points-frame-green.png in Resources */,
				25E080EF12B508A000646BC7 /* icon-frame-green.png in Resources */,
				25E080F012B508A000646BC7 /* icon-frame-yellow.png in Resources */,
				25E080F112B508A000646BC7 /* points-frame-yellow.png in Resources */,
				25E080FE12B509D100646BC7 /* ability-frame-yellow.png in Resources */,
				25E0810512B50AF100646BC7 /* ability-frame-gray.png in Resources */,
				25DC757B12B5A682000F70F6 /* TooltipViewController.xib in Resources */,
			);
			runOnlyForDeploymentPostprocessing = 0;
		};
/* End PBXResourcesBuildPhase section */

/* Begin PBXShellScriptBuildPhase section */
		2500E78412B4D96B00EB1987 /* ShellScript */ = {
			isa = PBXShellScriptBuildPhase;
			buildActionMask = 2147483647;
			files = (
			);
			inputPaths = (
			);
			outputPaths = (
			);
			runOnlyForDeploymentPostprocessing = 0;
			shellPath = /bin/sh;
			shellScript = "# Run the unit tests in this test bundle.\n\"${SYSTEM_DEVELOPER_DIR}/Tools/RunUnitTests\"\n";
		};
/* End PBXShellScriptBuildPhase section */

/* Begin PBXSourcesBuildPhase section */
		1D60588E0D05DD3D006BFB54 /* Sources */ = {
			isa = PBXSourcesBuildPhase;
			buildActionMask = 2147483647;
			files = (
				1D60589B0D05DD56006BFB54 /* main.m in Sources */,
				1D3623260D0F684500981E51 /* TalentPadAppDelegate.m in Sources */,
				257AEA34129E901900DE9D51 /* SMADataCenter.m in Sources */,
				257AEA35129E901900DE9D51 /* SMACoreDataStack.m in Sources */,
				257AEA4A129E902700DE9D51 /* Reachability.m in Sources */,
				257AEA6E129E910900DE9D51 /* TalentPad.xcdatamodel in Sources */,
				257AEAEE129E945400DE9D51 /* LauncherViewController.m in Sources */,
				257AEB2E129E968A00DE9D51 /* TalentViewController.m in Sources */,
				257AEBEC129E9F9500DE9D51 /* TalentButton.m in Sources */,
				2500E48A12B492DA00EB1987 /* CDataScanner.m in Sources */,
				2500E48B12B492DA00EB1987 /* CFilteringJSONSerializer.m in Sources */,
				2500E48C12B492DA00EB1987 /* CJSONDeserializer_BlocksExtensions.m in Sources */,
				2500E48D12B492DA00EB1987 /* CJSONSerializedData.m in Sources */,
				2500E48E12B492DA00EB1987 /* CDataScanner_Extensions.m in Sources */,
				2500E48F12B492DA00EB1987 /* NSCharacterSet_Extensions.m in Sources */,
				2500E49012B492DA00EB1987 /* NSDictionary_JSONExtensions.m in Sources */,
				2500E49112B492DA00EB1987 /* NSScanner_Extensions.m in Sources */,
				2500E49212B492DA00EB1987 /* CJSONDeserializer.m in Sources */,
				2500E49312B492DA00EB1987 /* CJSONScanner.m in Sources */,
				2500E49412B492DA00EB1987 /* CJSONSerializer.m in Sources */,
				2500E49912B4936100EB1987 /* CalculatorViewController.m in Sources */,
				2500E4F412B49A0100EB1987 /* TreeViewController.m in Sources */,
				2500E64312B4CA0D00EB1987 /* Mastery.m in Sources */,
				2500E64412B4CA0D00EB1987 /* Rank.m in Sources */,
				2500E64512B4CA0D00EB1987 /* PrimarySpell.m in Sources */,
				2500E64612B4CA0D00EB1987 /* Talent.m in Sources */,
				2500E64712B4CA0D00EB1987 /* TalentTree.m in Sources */,
				2500E64812B4CA0D00EB1987 /* CharacterClass.m in Sources */,
				25E07EDC12B4ECFC00646BC7 /* TalentTree+Fetch.m in Sources */,
				25E07EF712B4EDDF00646BC7 /* NSManagedObject+Fetch.m in Sources */,
				25E083D112B5A45100646BC7 /* UIImage+Manipulation.m in Sources */,
				25DC757812B5A682000F70F6 /* TooltipViewController.m in Sources */,
				25DC75AD12B5A8BA000F70F6 /* TooltipLabel.m in Sources */,
				25DC75B012B5A8C1000F70F6 /* InfoTextView.m in Sources */,
				25DC75D812B5B51B000F70F6 /* UIView+Additions.m in Sources */,
				25DC75DB12B5B51F000F70F6 /* NSString+Util.m in Sources */,
				25DC75E012B5B523000F70F6 /* NSObject+ConvenienceMethods.m in Sources */,
				25DC75E112B5B523000F70F6 /* NSString+ConvenienceMethods.m in Sources */,
				25DC771112B5C29D000F70F6 /* DismissView.m in Sources */,
			);
			runOnlyForDeploymentPostprocessing = 0;
		};
		2500E78212B4D96B00EB1987 /* Sources */ = {
			isa = PBXSourcesBuildPhase;
			buildActionMask = 2147483647;
			files = (
				2500E79312B4D99800EB1987 /* CoreDataTests.m in Sources */,
				2500E79612B4D9A400EB1987 /* SMACoreDataStack.m in Sources */,
				2500E79712B4D9A500EB1987 /* SMADataCenter.m in Sources */,
				2500E7A812B4D9E100EB1987 /* CDataScanner.m in Sources */,
				2500E7A912B4D9E200EB1987 /* CDataScanner_Extensions.m in Sources */,
				2500E7AA12B4D9E300EB1987 /* CJSONDeserializer.m in Sources */,
				2500E7AB12B4D9E300EB1987 /* CFilteringJSONSerializer.m in Sources */,
				2500E7AC12B4D9E400EB1987 /* CJSONDeserializer_BlocksExtensions.m in Sources */,
				2500E7AD12B4D9E500EB1987 /* CJSONScanner.m in Sources */,
				2500E7AE12B4D9E500EB1987 /* CJSONSerializedData.m in Sources */,
				2500E7AF12B4D9E600EB1987 /* CJSONSerializer.m in Sources */,
				2500E7B012B4D9E600EB1987 /* NSCharacterSet_Extensions.m in Sources */,
				2500E7B112B4D9E800EB1987 /* NSDictionary_JSONExtensions.m in Sources */,
				2500E7B212B4D9E900EB1987 /* NSScanner_Extensions.m in Sources */,
				2500E7B512B4D9F700EB1987 /* CharacterClass.m in Sources */,
				2500E7B612B4D9F700EB1987 /* Mastery.m in Sources */,
				2500E7B712B4D9F800EB1987 /* PrimarySpell.m in Sources */,
				2500E7B812B4D9F800EB1987 /* Rank.m in Sources */,
				2500E7B912B4D9F900EB1987 /* Talent.m in Sources */,
				2500E7BA12B4D9FA00EB1987 /* TalentTree.m in Sources */,
				2500E82112B4DB6300EB1987 /* TalentPad.xcdatamodel in Sources */,
				25E07EDB12B4ECFC00646BC7 /* TalentTree+Fetch.m in Sources */,
				25E07EF612B4EDDF00646BC7 /* NSManagedObject+Fetch.m in Sources */,
				25E083D012B5A45100646BC7 /* UIImage+Manipulation.m in Sources */,
				25DC757A12B5A682000F70F6 /* TooltipViewController.m in Sources */,
			);
			runOnlyForDeploymentPostprocessing = 0;
		};
/* End PBXSourcesBuildPhase section */

/* Begin PBXTargetDependency section */
		2500E78D12B4D97000EB1987 /* PBXTargetDependency */ = {
			isa = PBXTargetDependency;
			target = 1D6058900D05DD3D006BFB54 /* TalentPad */;
			targetProxy = 2500E78C12B4D97000EB1987 /* PBXContainerItemProxy */;
		};
/* End PBXTargetDependency section */

/* Begin XCBuildConfiguration section */
		1D6058940D05DD3E006BFB54 /* Debug */ = {
			isa = XCBuildConfiguration;
			buildSettings = {
				ALWAYS_SEARCH_USER_PATHS = NO;
				COPY_PHASE_STRIP = NO;
				GCC_DYNAMIC_NO_PIC = NO;
				GCC_OPTIMIZATION_LEVEL = 0;
				GCC_PRECOMPILE_PREFIX_HEADER = YES;
				GCC_PREFIX_HEADER = TalentPad_Prefix.pch;
				INFOPLIST_FILE = "TalentPad-Info.plist";
				LIBRARY_SEARCH_PATHS = (
					"$(inherited)",
					"\"$(SRCROOT)/Classes/Vendor/FlurryLib\"",
				);
				PRODUCT_NAME = TalentPad;
			};
			name = Debug;
		};
		1D6058950D05DD3E006BFB54 /* Release */ = {
			isa = XCBuildConfiguration;
			buildSettings = {
				ALWAYS_SEARCH_USER_PATHS = NO;
				COPY_PHASE_STRIP = YES;
				GCC_PRECOMPILE_PREFIX_HEADER = YES;
				GCC_PREFIX_HEADER = TalentPad_Prefix.pch;
				INFOPLIST_FILE = "TalentPad-Info.plist";
				LIBRARY_SEARCH_PATHS = (
					"$(inherited)",
					"\"$(SRCROOT)/Classes/Vendor/FlurryLib\"",
				);
				PRODUCT_NAME = TalentPad;
				VALIDATE_PRODUCT = YES;
			};
			name = Release;
		};
		2500E78912B4D96B00EB1987 /* Debug */ = {
			isa = XCBuildConfiguration;
			buildSettings = {
				ALWAYS_SEARCH_USER_PATHS = NO;
				"CODE_SIGN_IDENTITY[sdk=iphoneos*]" = "";
				COPY_PHASE_STRIP = NO;
				FRAMEWORK_SEARCH_PATHS = (
					"\"$(SDKROOT)/Developer/Library/Frameworks\"",
					"\"$(DEVELOPER_LIBRARY_DIR)/Frameworks\"",
				);
				GCC_DYNAMIC_NO_PIC = NO;
				GCC_ENABLE_FIX_AND_CONTINUE = NO;
				GCC_ENABLE_OBJC_EXCEPTIONS = YES;
				GCC_OPTIMIZATION_LEVEL = 0;
				INFOPLIST_FILE = "Tests-Info.plist";
				OTHER_LDFLAGS = (
					"-framework",
					Foundation,
					"-framework",
					SenTestingKit,
					"-framework",
					UIKit,
				);
				PREBINDING = NO;
				PRODUCT_NAME = Tests;
				SDKROOT = iphoneos;
				WRAPPER_EXTENSION = octest;
			};
			name = Debug;
		};
		2500E78A12B4D96B00EB1987 /* Release */ = {
			isa = XCBuildConfiguration;
			buildSettings = {
				ALWAYS_SEARCH_USER_PATHS = NO;
				"CODE_SIGN_IDENTITY[sdk=iphoneos*]" = "";
				COPY_PHASE_STRIP = YES;
				DEBUG_INFORMATION_FORMAT = "dwarf-with-dsym";
				FRAMEWORK_SEARCH_PATHS = (
					"\"$(SDKROOT)/Developer/Library/Frameworks\"",
					"\"$(DEVELOPER_LIBRARY_DIR)/Frameworks\"",
				);
				GCC_ENABLE_FIX_AND_CONTINUE = NO;
				GCC_ENABLE_OBJC_EXCEPTIONS = YES;
				INFOPLIST_FILE = "Tests-Info.plist";
				OTHER_LDFLAGS = (
					"-framework",
					Foundation,
					"-framework",
					SenTestingKit,
					"-framework",
					UIKit,
				);
				PREBINDING = NO;
				PRODUCT_NAME = Tests;
				SDKROOT = iphoneos;
				WRAPPER_EXTENSION = octest;
				ZERO_LINK = NO;
			};
			name = Release;
		};
		C01FCF4F08A954540054247B /* Debug */ = {
			isa = XCBuildConfiguration;
			buildSettings = {
				ARCHS = "$(ARCHS_UNIVERSAL_IPHONE_OS)";
				"CODE_SIGN_IDENTITY[sdk=iphoneos*]" = "iPhone Developer";
				GCC_C_LANGUAGE_STANDARD = c99;
				GCC_PREPROCESSOR_DEFINITIONS = "DEBUG=1";
				GCC_WARN_ABOUT_RETURN_TYPE = YES;
				GCC_WARN_UNUSED_VARIABLE = YES;
				IPHONEOS_DEPLOYMENT_TARGET = 3.2;
				PREBINDING = NO;
				SDKROOT = iphoneos;
				TARGETED_DEVICE_FAMILY = 2;
				VALID_ARCHS = "armv6 armv7";
			};
			name = Debug;
		};
		C01FCF5008A954540054247B /* Release */ = {
			isa = XCBuildConfiguration;
			buildSettings = {
				ARCHS = "$(ARCHS_UNIVERSAL_IPHONE_OS)";
				"CODE_SIGN_IDENTITY[sdk=iphoneos*]" = "iPhone Developer";
				GCC_C_LANGUAGE_STANDARD = c99;
				GCC_WARN_ABOUT_RETURN_TYPE = YES;
				GCC_WARN_UNUSED_VARIABLE = YES;
				IPHONEOS_DEPLOYMENT_TARGET = 3.2;
				OTHER_CFLAGS = "-DNS_BLOCK_ASSERTIONS=1";
				PREBINDING = NO;
				SDKROOT = iphoneos;
				TARGETED_DEVICE_FAMILY = 2;
			};
			name = Release;
		};
/* End XCBuildConfiguration section */

/* Begin XCConfigurationList section */
		1D6058960D05DD3E006BFB54 /* Build configuration list for PBXNativeTarget "TalentPad" */ = {
			isa = XCConfigurationList;
			buildConfigurations = (
				1D6058940D05DD3E006BFB54 /* Debug */,
				1D6058950D05DD3E006BFB54 /* Release */,
			);
			defaultConfigurationIsVisible = 0;
			defaultConfigurationName = Release;
		};
		2500E78B12B4D96B00EB1987 /* Build configuration list for PBXNativeTarget "Tests" */ = {
			isa = XCConfigurationList;
			buildConfigurations = (
				2500E78912B4D96B00EB1987 /* Debug */,
				2500E78A12B4D96B00EB1987 /* Release */,
			);
			defaultConfigurationIsVisible = 0;
			defaultConfigurationName = Release;
		};
		C01FCF4E08A954540054247B /* Build configuration list for PBXProject "TalentPad" */ = {
			isa = XCConfigurationList;
			buildConfigurations = (
				C01FCF4F08A954540054247B /* Debug */,
				C01FCF5008A954540054247B /* Release */,
			);
			defaultConfigurationIsVisible = 0;
			defaultConfigurationName = Release;
		};
/* End XCConfigurationList section */
	};
	rootObject = 29B97313FDCFA39411CA2CEA /* Project object */;
}
